// !$*UTF8*$!
{
	archiveVersion = 1;
	classes = {
	};
	objectVersion = 46;
	objects = {

/* Begin PBXBuildFile section */
		2716D4021D58E8ED0056C582 /* main.swift in Sources */ = {isa = PBXBuildFile; fileRef = 2716D4011D58E8ED0056C582 /* main.swift */; };
		2716D40F1D58E9140056C582 /* ChessTests.swift in Sources */ = {isa = PBXBuildFile; fileRef = 2716D40E1D58E9140056C582 /* ChessTests.swift */; };
		2716D4161D58E9620056C582 /* Board.swift in Sources */ = {isa = PBXBuildFile; fileRef = 2716D4151D58E9620056C582 /* Board.swift */; };
		2716D4171D58E9700056C582 /* main.swift in Sources */ = {isa = PBXBuildFile; fileRef = 2716D4011D58E8ED0056C582 /* main.swift */; };
		2716D4181D58E9740056C582 /* Board.swift in Sources */ = {isa = PBXBuildFile; fileRef = 2716D4151D58E9620056C582 /* Board.swift */; };
		2716D41E1D58EA2A0056C582 /* Constants.swift in Sources */ = {isa = PBXBuildFile; fileRef = 2716D41D1D58EA2A0056C582 /* Constants.swift */; };
		2716D41F1D58EA2A0056C582 /* Constants.swift in Sources */ = {isa = PBXBuildFile; fileRef = 2716D41D1D58EA2A0056C582 /* Constants.swift */; };
		2716D42D1D58F23C0056C582 /* EmptyPiece.swift in Sources */ = {isa = PBXBuildFile; fileRef = 2716D42B1D58F23C0056C582 /* EmptyPiece.swift */; };
		2716D42E1D58F23C0056C582 /* EmptyPiece.swift in Sources */ = {isa = PBXBuildFile; fileRef = 2716D42B1D58F23C0056C582 /* EmptyPiece.swift */; };
		2716D42F1D58F23C0056C582 /* Piece.swift in Sources */ = {isa = PBXBuildFile; fileRef = 2716D42C1D58F23C0056C582 /* Piece.swift */; };
		2716D4301D58F23C0056C582 /* Piece.swift in Sources */ = {isa = PBXBuildFile; fileRef = 2716D42C1D58F23C0056C582 /* Piece.swift */; };
		2716D4321D5900320056C582 /* Pawn.swift in Sources */ = {isa = PBXBuildFile; fileRef = 2716D4311D5900320056C582 /* Pawn.swift */; };
		2716D4331D5900320056C582 /* Pawn.swift in Sources */ = {isa = PBXBuildFile; fileRef = 2716D4311D5900320056C582 /* Pawn.swift */; };
		2716D4351D59028D0056C582 /* Utility.swift in Sources */ = {isa = PBXBuildFile; fileRef = 2716D4341D59028D0056C582 /* Utility.swift */; };
		2716D4361D59028D0056C582 /* Utility.swift in Sources */ = {isa = PBXBuildFile; fileRef = 2716D4341D59028D0056C582 /* Utility.swift */; };
		2716D4381D5905B70056C582 /* King.swift in Sources */ = {isa = PBXBuildFile; fileRef = 2716D4371D5905B70056C582 /* King.swift */; };
		2716D4391D5905B70056C582 /* King.swift in Sources */ = {isa = PBXBuildFile; fileRef = 2716D4371D5905B70056C582 /* King.swift */; };
		2716D43B1D5911B50056C582 /* PawnTests.swift in Sources */ = {isa = PBXBuildFile; fileRef = 2716D43A1D5911B50056C582 /* PawnTests.swift */; };
		2716D43D1D5912FE0056C582 /* KingTests.swift in Sources */ = {isa = PBXBuildFile; fileRef = 2716D43C1D5912FE0056C582 /* KingTests.swift */; };
		2716D43F1D5913DD0056C582 /* Bishop.swift in Sources */ = {isa = PBXBuildFile; fileRef = 2716D43E1D5913DD0056C582 /* Bishop.swift */; };
		2716D4401D5913DD0056C582 /* Bishop.swift in Sources */ = {isa = PBXBuildFile; fileRef = 2716D43E1D5913DD0056C582 /* Bishop.swift */; };
		2716D4421D5914420056C582 /* Rook.swift in Sources */ = {isa = PBXBuildFile; fileRef = 2716D4411D5914420056C582 /* Rook.swift */; };
		2716D4431D5914420056C582 /* Rook.swift in Sources */ = {isa = PBXBuildFile; fileRef = 2716D4411D5914420056C582 /* Rook.swift */; };
		2716D4451D5916370056C582 /* Queen.swift in Sources */ = {isa = PBXBuildFile; fileRef = 2716D4441D5916370056C582 /* Queen.swift */; };
		2716D4461D5916370056C582 /* Queen.swift in Sources */ = {isa = PBXBuildFile; fileRef = 2716D4441D5916370056C582 /* Queen.swift */; };
		2716D4481D5916B70056C582 /* Knight.swift in Sources */ = {isa = PBXBuildFile; fileRef = 2716D4471D5916B70056C582 /* Knight.swift */; };
		2716D4491D5916B70056C582 /* Knight.swift in Sources */ = {isa = PBXBuildFile; fileRef = 2716D4471D5916B70056C582 /* Knight.swift */; };
		2716D44E1D5917A70056C582 /* BishopTests.swift in Sources */ = {isa = PBXBuildFile; fileRef = 2716D44A1D5917A70056C582 /* BishopTests.swift */; };
		2716D44F1D5917A70056C582 /* BishopTests.swift in Sources */ = {isa = PBXBuildFile; fileRef = 2716D44A1D5917A70056C582 /* BishopTests.swift */; };
		2716D4501D5917A70056C582 /* KnightTests.swift in Sources */ = {isa = PBXBuildFile; fileRef = 2716D44B1D5917A70056C582 /* KnightTests.swift */; };
		2716D4511D5917A70056C582 /* KnightTests.swift in Sources */ = {isa = PBXBuildFile; fileRef = 2716D44B1D5917A70056C582 /* KnightTests.swift */; };
		2716D4521D5917A70056C582 /* QueenTests.swift in Sources */ = {isa = PBXBuildFile; fileRef = 2716D44C1D5917A70056C582 /* QueenTests.swift */; };
		2716D4531D5917A70056C582 /* QueenTests.swift in Sources */ = {isa = PBXBuildFile; fileRef = 2716D44C1D5917A70056C582 /* QueenTests.swift */; };
		2716D4541D5917A70056C582 /* RookTests.swift in Sources */ = {isa = PBXBuildFile; fileRef = 2716D44D1D5917A70056C582 /* RookTests.swift */; };
		2716D4551D5917A70056C582 /* RookTests.swift in Sources */ = {isa = PBXBuildFile; fileRef = 2716D44D1D5917A70056C582 /* RookTests.swift */; };
		846A4FDF1D5BD1020062B47D /* TestUtility.swift in Sources */ = {isa = PBXBuildFile; fileRef = 846A4FDE1D5BD1020062B47D /* TestUtility.swift */; };
		846A4FE11D5BD2030062B47D /* OperatorOverloadingUtility.swift in Sources */ = {isa = PBXBuildFile; fileRef = 846A4FE01D5BD2030062B47D /* OperatorOverloadingUtility.swift */; };
		846A4FE21D5BD20C0062B47D /* OperatorOverloadingUtility.swift in Sources */ = {isa = PBXBuildFile; fileRef = 846A4FE01D5BD2030062B47D /* OperatorOverloadingUtility.swift */; };
		846A4FE41D5BD2280062B47D /* PieceFactory.swift in Sources */ = {isa = PBXBuildFile; fileRef = 846A4FE31D5BD2280062B47D /* PieceFactory.swift */; };
		846A4FE51D5BD2560062B47D /* PieceFactory.swift in Sources */ = {isa = PBXBuildFile; fileRef = 846A4FE31D5BD2280062B47D /* PieceFactory.swift */; };
/* End PBXBuildFile section */

/* Begin PBXCopyFilesBuildPhase section */
		2716D3FC1D58E8ED0056C582 /* CopyFiles */ = {
			isa = PBXCopyFilesBuildPhase;
			buildActionMask = 2147483647;
			dstPath = /usr/share/man/man1/;
			dstSubfolderSpec = 0;
			files = (
			);
			runOnlyForDeploymentPostprocessing = 1;
		};
/* End PBXCopyFilesBuildPhase section */

/* Begin PBXFileReference section */
		2716D3FE1D58E8ED0056C582 /* Chess */ = {isa = PBXFileReference; explicitFileType = "compiled.mach-o.executable"; includeInIndex = 0; path = Chess; sourceTree = BUILT_PRODUCTS_DIR; };
		2716D4011D58E8ED0056C582 /* main.swift */ = {isa = PBXFileReference; lastKnownFileType = sourcecode.swift; path = main.swift; sourceTree = "<group>"; };
		2716D40C1D58E9140056C582 /* ChessTests.xctest */ = {isa = PBXFileReference; explicitFileType = wrapper.cfbundle; includeInIndex = 0; path = ChessTests.xctest; sourceTree = BUILT_PRODUCTS_DIR; };
		2716D40E1D58E9140056C582 /* ChessTests.swift */ = {isa = PBXFileReference; lastKnownFileType = sourcecode.swift; path = ChessTests.swift; sourceTree = "<group>"; };
		2716D4101D58E9140056C582 /* Info.plist */ = {isa = PBXFileReference; lastKnownFileType = text.plist.xml; path = Info.plist; sourceTree = "<group>"; };
		2716D4151D58E9620056C582 /* Board.swift */ = {isa = PBXFileReference; fileEncoding = 4; lastKnownFileType = sourcecode.swift; name = Board.swift; path = Models/Board.swift; sourceTree = "<group>"; };
		2716D41D1D58EA2A0056C582 /* Constants.swift */ = {isa = PBXFileReference; fileEncoding = 4; lastKnownFileType = sourcecode.swift; name = Constants.swift; path = Others/Constants.swift; sourceTree = "<group>"; };
		2716D42B1D58F23C0056C582 /* EmptyPiece.swift */ = {isa = PBXFileReference; fileEncoding = 4; lastKnownFileType = sourcecode.swift; name = EmptyPiece.swift; path = Models/Pieces/EmptyPiece.swift; sourceTree = "<group>"; };
		2716D42C1D58F23C0056C582 /* Piece.swift */ = {isa = PBXFileReference; fileEncoding = 4; lastKnownFileType = sourcecode.swift; name = Piece.swift; path = Models/Pieces/Piece.swift; sourceTree = "<group>"; };
		2716D4311D5900320056C582 /* Pawn.swift */ = {isa = PBXFileReference; fileEncoding = 4; lastKnownFileType = sourcecode.swift; name = Pawn.swift; path = Models/Pieces/Pawn.swift; sourceTree = "<group>"; };
		2716D4341D59028D0056C582 /* Utility.swift */ = {isa = PBXFileReference; fileEncoding = 4; lastKnownFileType = sourcecode.swift; name = Utility.swift; path = Others/Utility.swift; sourceTree = "<group>"; };
		2716D4371D5905B70056C582 /* King.swift */ = {isa = PBXFileReference; fileEncoding = 4; lastKnownFileType = sourcecode.swift; name = King.swift; path = Models/Pieces/King.swift; sourceTree = "<group>"; };
		2716D43A1D5911B50056C582 /* PawnTests.swift */ = {isa = PBXFileReference; fileEncoding = 4; lastKnownFileType = sourcecode.swift; path = PawnTests.swift; sourceTree = "<group>"; };
		2716D43C1D5912FE0056C582 /* KingTests.swift */ = {isa = PBXFileReference; fileEncoding = 4; lastKnownFileType = sourcecode.swift; path = KingTests.swift; sourceTree = "<group>"; };
		2716D43E1D5913DD0056C582 /* Bishop.swift */ = {isa = PBXFileReference; fileEncoding = 4; lastKnownFileType = sourcecode.swift; name = Bishop.swift; path = Models/Pieces/Bishop.swift; sourceTree = "<group>"; };
		2716D4411D5914420056C582 /* Rook.swift */ = {isa = PBXFileReference; fileEncoding = 4; lastKnownFileType = sourcecode.swift; name = Rook.swift; path = Models/Pieces/Rook.swift; sourceTree = "<group>"; };
		2716D4441D5916370056C582 /* Queen.swift */ = {isa = PBXFileReference; fileEncoding = 4; lastKnownFileType = sourcecode.swift; name = Queen.swift; path = Models/Pieces/Queen.swift; sourceTree = "<group>"; };
		2716D4471D5916B70056C582 /* Knight.swift */ = {isa = PBXFileReference; fileEncoding = 4; lastKnownFileType = sourcecode.swift; name = Knight.swift; path = Models/Pieces/Knight.swift; sourceTree = "<group>"; };
		2716D44A1D5917A70056C582 /* BishopTests.swift */ = {isa = PBXFileReference; fileEncoding = 4; lastKnownFileType = sourcecode.swift; path = BishopTests.swift; sourceTree = "<group>"; };
		2716D44B1D5917A70056C582 /* KnightTests.swift */ = {isa = PBXFileReference; fileEncoding = 4; lastKnownFileType = sourcecode.swift; path = KnightTests.swift; sourceTree = "<group>"; };
		2716D44C1D5917A70056C582 /* QueenTests.swift */ = {isa = PBXFileReference; fileEncoding = 4; lastKnownFileType = sourcecode.swift; path = QueenTests.swift; sourceTree = "<group>"; };
		2716D44D1D5917A70056C582 /* RookTests.swift */ = {isa = PBXFileReference; fileEncoding = 4; lastKnownFileType = sourcecode.swift; path = RookTests.swift; sourceTree = "<group>"; };
		846A4FDE1D5BD1020062B47D /* TestUtility.swift */ = {isa = PBXFileReference; fileEncoding = 4; lastKnownFileType = sourcecode.swift; path = TestUtility.swift; sourceTree = "<group>"; };
		846A4FE01D5BD2030062B47D /* OperatorOverloadingUtility.swift */ = {isa = PBXFileReference; fileEncoding = 4; lastKnownFileType = sourcecode.swift; name = OperatorOverloadingUtility.swift; path = Others/OperatorOverloadingUtility.swift; sourceTree = "<group>"; };
		846A4FE31D5BD2280062B47D /* PieceFactory.swift */ = {isa = PBXFileReference; fileEncoding = 4; lastKnownFileType = sourcecode.swift; name = PieceFactory.swift; path = Others/PieceFactory.swift; sourceTree = "<group>"; };
/* End PBXFileReference section */

/* Begin PBXFrameworksBuildPhase section */
		2716D3FB1D58E8ED0056C582 /* Frameworks */ = {
			isa = PBXFrameworksBuildPhase;
			buildActionMask = 2147483647;
			files = (
			);
			runOnlyForDeploymentPostprocessing = 0;
		};
		2716D4091D58E9140056C582 /* Frameworks */ = {
			isa = PBXFrameworksBuildPhase;
			buildActionMask = 2147483647;
			files = (
			);
			runOnlyForDeploymentPostprocessing = 0;
		};
/* End PBXFrameworksBuildPhase section */

/* Begin PBXGroup section */
		2716D3F51D58E8ED0056C582 = {
			isa = PBXGroup;
			children = (
				2716D4001D58E8ED0056C582 /* Chess */,
				2716D40D1D58E9140056C582 /* ChessTests */,
				2716D3FF1D58E8ED0056C582 /* Products */,
			);
			sourceTree = "<group>";
		};
		2716D3FF1D58E8ED0056C582 /* Products */ = {
			isa = PBXGroup;
			children = (
				2716D3FE1D58E8ED0056C582 /* Chess */,
				2716D40C1D58E9140056C582 /* ChessTests.xctest */,
			);
			name = Products;
			sourceTree = "<group>";
		};
		2716D4001D58E8ED0056C582 /* Chess */ = {
			isa = PBXGroup;
			children = (
				2716D4011D58E8ED0056C582 /* main.swift */,
				2716D41C1D58E9DA0056C582 /* Models */,
				2716D4291D58F1650056C582 /* Others */,
			);
			path = Chess;
			sourceTree = "<group>";
		};
		2716D40D1D58E9140056C582 /* ChessTests */ = {
			isa = PBXGroup;
			children = (
				2716D44A1D5917A70056C582 /* BishopTests.swift */,
				2716D40E1D58E9140056C582 /* ChessTests.swift */,
				2716D4101D58E9140056C582 /* Info.plist */,
				2716D43C1D5912FE0056C582 /* KingTests.swift */,
				2716D44B1D5917A70056C582 /* KnightTests.swift */,
				2716D43A1D5911B50056C582 /* PawnTests.swift */,
				2716D44C1D5917A70056C582 /* QueenTests.swift */,
				2716D44D1D5917A70056C582 /* RookTests.swift */,
				846A4FDE1D5BD1020062B47D /* TestUtility.swift */,
			);
			path = ChessTests;
			sourceTree = "<group>";
		};
		2716D41C1D58E9DA0056C582 /* Models */ = {
			isa = PBXGroup;
			children = (
				2716D4151D58E9620056C582 /* Board.swift */,
				2716D42A1D58F2230056C582 /* Pieces */,
			);
			name = Models;
			sourceTree = "<group>";
		};
		2716D4291D58F1650056C582 /* Others */ = {
			isa = PBXGroup;
			children = (
				2716D41D1D58EA2A0056C582 /* Constants.swift */,
				846A4FE01D5BD2030062B47D /* OperatorOverloadingUtility.swift */,
				846A4FE31D5BD2280062B47D /* PieceFactory.swift */,
				2716D4341D59028D0056C582 /* Utility.swift */,
			);
			name = Others;
			sourceTree = "<group>";
		};
		2716D42A1D58F2230056C582 /* Pieces */ = {
			isa = PBXGroup;
			children = (
				2716D43E1D5913DD0056C582 /* Bishop.swift */,
				2716D42B1D58F23C0056C582 /* EmptyPiece.swift */,
				2716D4371D5905B70056C582 /* King.swift */,
				2716D4471D5916B70056C582 /* Knight.swift */,
				2716D4311D5900320056C582 /* Pawn.swift */,
				2716D42C1D58F23C0056C582 /* Piece.swift */,
				2716D4441D5916370056C582 /* Queen.swift */,
				2716D4411D5914420056C582 /* Rook.swift */,
			);
			name = Pieces;
			sourceTree = "<group>";
		};
/* End PBXGroup section */

/* Begin PBXNativeTarget section */
		2716D3FD1D58E8ED0056C582 /* Chess */ = {
			isa = PBXNativeTarget;
			buildConfigurationList = 2716D4051D58E8ED0056C582 /* Build configuration list for PBXNativeTarget "Chess" */;
			buildPhases = (
				2716D3FA1D58E8ED0056C582 /* Sources */,
				2716D3FB1D58E8ED0056C582 /* Frameworks */,
				2716D3FC1D58E8ED0056C582 /* CopyFiles */,
			);
			buildRules = (
			);
			dependencies = (
			);
			name = Chess;
			productName = Chess;
			productReference = 2716D3FE1D58E8ED0056C582 /* Chess */;
			productType = "com.apple.product-type.tool";
		};
		2716D40B1D58E9140056C582 /* ChessTests */ = {
			isa = PBXNativeTarget;
			buildConfigurationList = 2716D4111D58E9140056C582 /* Build configuration list for PBXNativeTarget "ChessTests" */;
			buildPhases = (
				2716D4081D58E9140056C582 /* Sources */,
				2716D4091D58E9140056C582 /* Frameworks */,
				2716D40A1D58E9140056C582 /* Resources */,
			);
			buildRules = (
			);
			dependencies = (
			);
			name = ChessTests;
			productName = ChessTests;
			productReference = 2716D40C1D58E9140056C582 /* ChessTests.xctest */;
			productType = "com.apple.product-type.bundle.unit-test";
		};
/* End PBXNativeTarget section */

/* Begin PBXProject section */
		2716D3F61D58E8ED0056C582 /* Project object */ = {
			isa = PBXProject;
			attributes = {
				LastSwiftUpdateCheck = 0730;
				LastUpgradeCheck = 0730;
				ORGANIZATIONNAME = Chess;
				TargetAttributes = {
					2716D3FD1D58E8ED0056C582 = {
						CreatedOnToolsVersion = 7.3;
					};
					2716D40B1D58E9140056C582 = {
						CreatedOnToolsVersion = 7.3;
					};
				};
			};
			buildConfigurationList = 2716D3F91D58E8ED0056C582 /* Build configuration list for PBXProject "Chess" */;
			compatibilityVersion = "Xcode 3.2";
			developmentRegion = English;
			hasScannedForEncodings = 0;
			knownRegions = (
				en,
			);
			mainGroup = 2716D3F51D58E8ED0056C582;
			productRefGroup = 2716D3FF1D58E8ED0056C582 /* Products */;
			projectDirPath = "";
			projectRoot = "";
			targets = (
				2716D3FD1D58E8ED0056C582 /* Chess */,
				2716D40B1D58E9140056C582 /* ChessTests */,
			);
		};
/* End PBXProject section */

/* Begin PBXResourcesBuildPhase section */
		2716D40A1D58E9140056C582 /* Resources */ = {
			isa = PBXResourcesBuildPhase;
			buildActionMask = 2147483647;
			files = (
			);
			runOnlyForDeploymentPostprocessing = 0;
		};
/* End PBXResourcesBuildPhase section */

/* Begin PBXSourcesBuildPhase section */
		2716D3FA1D58E8ED0056C582 /* Sources */ = {
			isa = PBXSourcesBuildPhase;
			buildActionMask = 2147483647;
			files = (
				2716D4351D59028D0056C582 /* Utility.swift in Sources */,
				2716D4021D58E8ED0056C582 /* main.swift in Sources */,
				846A4FE11D5BD2030062B47D /* OperatorOverloadingUtility.swift in Sources */,
				846A4FE41D5BD2280062B47D /* PieceFactory.swift in Sources */,
				2716D4321D5900320056C582 /* Pawn.swift in Sources */,
				2716D4451D5916370056C582 /* Queen.swift in Sources */,
				2716D4501D5917A70056C582 /* KnightTests.swift in Sources */,
				2716D4481D5916B70056C582 /* Knight.swift in Sources */,
				2716D42F1D58F23C0056C582 /* Piece.swift in Sources */,
				2716D44E1D5917A70056C582 /* BishopTests.swift in Sources */,
				2716D4541D5917A70056C582 /* RookTests.swift in Sources */,
				2716D4421D5914420056C582 /* Rook.swift in Sources */,
				2716D42D1D58F23C0056C582 /* EmptyPiece.swift in Sources */,
				2716D43F1D5913DD0056C582 /* Bishop.swift in Sources */,
				2716D4521D5917A70056C582 /* QueenTests.swift in Sources */,
				2716D4161D58E9620056C582 /* Board.swift in Sources */,
				2716D4381D5905B70056C582 /* King.swift in Sources */,
				2716D41E1D58EA2A0056C582 /* Constants.swift in Sources */,
			);
			runOnlyForDeploymentPostprocessing = 0;
		};
		2716D4081D58E9140056C582 /* Sources */ = {
			isa = PBXSourcesBuildPhase;
			buildActionMask = 2147483647;
			files = (
				2716D42E1D58F23C0056C582 /* EmptyPiece.swift in Sources */,
				2716D4331D5900320056C582 /* Pawn.swift in Sources */,
				2716D4461D5916370056C582 /* Queen.swift in Sources */,
				2716D43D1D5912FE0056C582 /* KingTests.swift in Sources */,
				2716D44F1D5917A70056C582 /* BishopTests.swift in Sources */,
				2716D4491D5916B70056C582 /* Knight.swift in Sources */,
				2716D4391D5905B70056C582 /* King.swift in Sources */,
				2716D4301D58F23C0056C582 /* Piece.swift in Sources */,
				2716D4551D5917A70056C582 /* RookTests.swift in Sources */,
				2716D4531D5917A70056C582 /* QueenTests.swift in Sources */,
				2716D41F1D58EA2A0056C582 /* Constants.swift in Sources */,
				2716D4361D59028D0056C582 /* Utility.swift in Sources */,
				2716D4171D58E9700056C582 /* main.swift in Sources */,
				2716D4401D5913DD0056C582 /* Bishop.swift in Sources */,
				2716D40F1D58E9140056C582 /* ChessTests.swift in Sources */,
				2716D4181D58E9740056C582 /* Board.swift in Sources */,
				846A4FDF1D5BD1020062B47D /* TestUtility.swift in Sources */,
				2716D4431D5914420056C582 /* Rook.swift in Sources */,
				846A4FE21D5BD20C0062B47D /* OperatorOverloadingUtility.swift in Sources */,
				846A4FE51D5BD2560062B47D /* PieceFactory.swift in Sources */,
				2716D4511D5917A70056C582 /* KnightTests.swift in Sources */,
				2716D43B1D5911B50056C582 /* PawnTests.swift in Sources */,
			);
			runOnlyForDeploymentPostprocessing = 0;
		};
/* End PBXSourcesBuildPhase section */

/* Begin XCBuildConfiguration section */
		2716D4031D58E8ED0056C582 /* Debug */ = {
			isa = XCBuildConfiguration;
			buildSettings = {
				ALWAYS_SEARCH_USER_PATHS = NO;
				CLANG_ANALYZER_NONNULL = YES;
				CLANG_CXX_LANGUAGE_STANDARD = "gnu++0x";
				CLANG_CXX_LIBRARY = "libc++";
				CLANG_ENABLE_MODULES = YES;
				CLANG_ENABLE_OBJC_ARC = YES;
				CLANG_WARN_BOOL_CONVERSION = YES;
				CLANG_WARN_CONSTANT_CONVERSION = YES;
				CLANG_WARN_DIRECT_OBJC_ISA_USAGE = YES_ERROR;
				CLANG_WARN_EMPTY_BODY = YES;
				CLANG_WARN_ENUM_CONVERSION = YES;
				CLANG_WARN_INT_CONVERSION = YES;
				CLANG_WARN_OBJC_ROOT_CLASS = YES_ERROR;
				CLANG_WARN_UNREACHABLE_CODE = YES;
				CLANG_WARN__DUPLICATE_METHOD_MATCH = YES;
				CODE_SIGN_IDENTITY = "-";
				COPY_PHASE_STRIP = NO;
				DEBUG_INFORMATION_FORMAT = dwarf;
				ENABLE_STRICT_OBJC_MSGSEND = YES;
				ENABLE_TESTABILITY = YES;
				GCC_C_LANGUAGE_STANDARD = gnu99;
				GCC_DYNAMIC_NO_PIC = NO;
				GCC_NO_COMMON_BLOCKS = YES;
				GCC_OPTIMIZATION_LEVEL = 0;
				GCC_PREPROCESSOR_DEFINITIONS = (
					"DEBUG=1",
					"$(inherited)",
				);
				GCC_WARN_64_TO_32_BIT_CONVERSION = YES;
				GCC_WARN_ABOUT_RETURN_TYPE = YES_ERROR;
				GCC_WARN_UNDECLARED_SELECTOR = YES;
				GCC_WARN_UNINITIALIZED_AUTOS = YES_AGGRESSIVE;
				GCC_WARN_UNUSED_FUNCTION = YES;
				GCC_WARN_UNUSED_VARIABLE = YES;
				MACOSX_DEPLOYMENT_TARGET = 10.11;
				MTL_ENABLE_DEBUG_INFO = YES;
				ONLY_ACTIVE_ARCH = YES;
				SDKROOT = macosx;
				SWIFT_OPTIMIZATION_LEVEL = "-Onone";
			};
			name = Debug;
		};
		2716D4041D58E8ED0056C582 /* Release */ = {
			isa = XCBuildConfiguration;
			buildSettings = {
				ALWAYS_SEARCH_USER_PATHS = NO;
				CLANG_ANALYZER_NONNULL = YES;
				CLANG_CXX_LANGUAGE_STANDARD = "gnu++0x";
				CLANG_CXX_LIBRARY = "libc++";
				CLANG_ENABLE_MODULES = YES;
				CLANG_ENABLE_OBJC_ARC = YES;
				CLANG_WARN_BOOL_CONVERSION = YES;
				CLANG_WARN_CONSTANT_CONVERSION = YES;
				CLANG_WARN_DIRECT_OBJC_ISA_USAGE = YES_ERROR;
				CLANG_WARN_EMPTY_BODY = YES;
				CLANG_WARN_ENUM_CONVERSION = YES;
				CLANG_WARN_INT_CONVERSION = YES;
				CLANG_WARN_OBJC_ROOT_CLASS = YES_ERROR;
				CLANG_WARN_UNREACHABLE_CODE = YES;
				CLANG_WARN__DUPLICATE_METHOD_MATCH = YES;
				CODE_SIGN_IDENTITY = "-";
				COPY_PHASE_STRIP = NO;
				DEBUG_INFORMATION_FORMAT = "dwarf-with-dsym";
				ENABLE_NS_ASSERTIONS = NO;
				ENABLE_STRICT_OBJC_MSGSEND = YES;
				GCC_C_LANGUAGE_STANDARD = gnu99;
				GCC_NO_COMMON_BLOCKS = YES;
				GCC_WARN_64_TO_32_BIT_CONVERSION = YES;
				GCC_WARN_ABOUT_RETURN_TYPE = YES_ERROR;
				GCC_WARN_UNDECLARED_SELECTOR = YES;
				GCC_WARN_UNINITIALIZED_AUTOS = YES_AGGRESSIVE;
				GCC_WARN_UNUSED_FUNCTION = YES;
				GCC_WARN_UNUSED_VARIABLE = YES;
				MACOSX_DEPLOYMENT_TARGET = 10.11;
				MTL_ENABLE_DEBUG_INFO = NO;
				SDKROOT = macosx;
			};
			name = Release;
		};
		2716D4061D58E8ED0056C582 /* Debug */ = {
			isa = XCBuildConfiguration;
			buildSettings = {
				PRODUCT_NAME = "$(TARGET_NAME)";
			};
			name = Debug;
		};
		2716D4071D58E8ED0056C582 /* Release */ = {
			isa = XCBuildConfiguration;
			buildSettings = {
				PRODUCT_NAME = "$(TARGET_NAME)";
			};
			name = Release;
		};
		2716D4121D58E9140056C582 /* Debug */ = {
			isa = XCBuildConfiguration;
			buildSettings = {
				COMBINE_HIDPI_IMAGES = YES;
				INFOPLIST_FILE = ChessTests/Info.plist;
				LD_RUNPATH_SEARCH_PATHS = "$(inherited) @executable_path/../Frameworks @loader_path/../Frameworks";
				PRODUCT_BUNDLE_IDENTIFIER = Chess.ChessTests;
				PRODUCT_NAME = "$(TARGET_NAME)";
			};
			name = Debug;
		};
		2716D4131D58E9140056C582 /* Release */ = {
			isa = XCBuildConfiguration;
			buildSettings = {
				COMBINE_HIDPI_IMAGES = YES;
				INFOPLIST_FILE = ChessTests/Info.plist;
				LD_RUNPATH_SEARCH_PATHS = "$(inherited) @executable_path/../Frameworks @loader_path/../Frameworks";
				PRODUCT_BUNDLE_IDENTIFIER = Chess.ChessTests;
				PRODUCT_NAME = "$(TARGET_NAME)";
			};
			name = Release;
		};
/* End XCBuildConfiguration section */

/* Begin XCConfigurationList section */
		2716D3F91D58E8ED0056C582 /* Build configuration list for PBXProject "Chess" */ = {
			isa = XCConfigurationList;
			buildConfigurations = (
				2716D4031D58E8ED0056C582 /* Debug */,
				2716D4041D58E8ED0056C582 /* Release */,
			);
			defaultConfigurationIsVisible = 0;
			defaultConfigurationName = Release;
		};
		2716D4051D58E8ED0056C582 /* Build configuration list for PBXNativeTarget "Chess" */ = {
			isa = XCConfigurationList;
			buildConfigurations = (
				2716D4061D58E8ED0056C582 /* Debug */,
				2716D4071D58E8ED0056C582 /* Release */,
			);
			defaultConfigurationIsVisible = 0;
			defaultConfigurationName = Release;
		};
		2716D4111D58E9140056C582 /* Build configuration list for PBXNativeTarget "ChessTests" */ = {
			isa = XCConfigurationList;
			buildConfigurations = (
				2716D4121D58E9140056C582 /* Debug */,
				2716D4131D58E9140056C582 /* Release */,
			);
			defaultConfigurationIsVisible = 0;
			defaultConfigurationName = Release;
		};
/* End XCConfigurationList section */
	};
	rootObject = 2716D3F61D58E8ED0056C582 /* Project object */;
}
