// !$*UTF8*$!
{
	archiveVersion = 1;
	classes = {
	};
	objectVersion = 46;
	objects = {

/* Begin PBXBuildFile section */
		2716D4021D58E8ED0056C582 /* main.swift in Sources */ = {isa = PBXBuildFile; fileRef = 2716D4011D58E8ED0056C582 /* main.swift */; };
		8402B4931D6CBFB300468EA8 /* TestConstants.swift in Sources */ = {isa = PBXBuildFile; fileRef = 8402B4921D6CBFB300468EA8 /* TestConstants.swift */; };
		84351EE41D6CDFC900DADE74 /* ChessyTests.swift in Sources */ = {isa = PBXBuildFile; fileRef = 84351EE31D6CDFC900DADE74 /* ChessyTests.swift */; };
		84351EEF1D6CDFC900DADE74 /* ChessyUITests.swift in Sources */ = {isa = PBXBuildFile; fileRef = 84351EEE1D6CDFC900DADE74 /* ChessyUITests.swift */; };
		84351FD91D6CE2D600DADE74 /* Controller.swift in Sources */ = {isa = PBXBuildFile; fileRef = 84351F9F1D6CE1D200DADE74 /* Controller.swift */; };
		84351FDA1D6CE2D600DADE74 /* AIPlayer.swift in Sources */ = {isa = PBXBuildFile; fileRef = 84351FA11D6CE23100DADE74 /* AIPlayer.swift */; };
		84351FDB1D6CE2D600DADE74 /* Board.swift in Sources */ = {isa = PBXBuildFile; fileRef = 84351FA21D6CE23100DADE74 /* Board.swift */; };
		84351FDC1D6CE2D600DADE74 /* EvaluationValueHandler.swift in Sources */ = {isa = PBXBuildFile; fileRef = 84351FA31D6CE23100DADE74 /* EvaluationValueHandler.swift */; };
		84351FDD1D6CE2D600DADE74 /* GameLogic.swift in Sources */ = {isa = PBXBuildFile; fileRef = 84351FA41D6CE23100DADE74 /* GameLogic.swift */; };
		84351FDE1D6CE2D600DADE74 /* LimitedMoveStrategy.swift in Sources */ = {isa = PBXBuildFile; fileRef = 84351FAD1D6CE24500DADE74 /* LimitedMoveStrategy.swift */; };
		84351FDF1D6CE2D600DADE74 /* MoveStrategy.swift in Sources */ = {isa = PBXBuildFile; fileRef = 84351FAE1D6CE24500DADE74 /* MoveStrategy.swift */; };
		84351FE01D6CE2D600DADE74 /* UnlimitedMoveStrategy.swift in Sources */ = {isa = PBXBuildFile; fileRef = 84351FAF1D6CE24500DADE74 /* UnlimitedMoveStrategy.swift */; };
		84351FE11D6CE2D600DADE74 /* Bishop.swift in Sources */ = {isa = PBXBuildFile; fileRef = 84351FB31D6CE25200DADE74 /* Bishop.swift */; };
		84351FE21D6CE2D600DADE74 /* EmptyPiece.swift in Sources */ = {isa = PBXBuildFile; fileRef = 84351FB41D6CE25200DADE74 /* EmptyPiece.swift */; };
		84351FE31D6CE2D600DADE74 /* King.swift in Sources */ = {isa = PBXBuildFile; fileRef = 84351FB51D6CE25200DADE74 /* King.swift */; };
		84351FE41D6CE2D600DADE74 /* Knight.swift in Sources */ = {isa = PBXBuildFile; fileRef = 84351FB61D6CE25200DADE74 /* Knight.swift */; };
		84351FE51D6CE2D600DADE74 /* Pawn.swift in Sources */ = {isa = PBXBuildFile; fileRef = 84351FB71D6CE25200DADE74 /* Pawn.swift */; };
		84351FE61D6CE2D600DADE74 /* Piece.swift in Sources */ = {isa = PBXBuildFile; fileRef = 84351FB81D6CE25200DADE74 /* Piece.swift */; };
		84351FE71D6CE2D600DADE74 /* Queen.swift in Sources */ = {isa = PBXBuildFile; fileRef = 84351FB91D6CE25200DADE74 /* Queen.swift */; };
		84351FE81D6CE2D600DADE74 /* Rook.swift in Sources */ = {isa = PBXBuildFile; fileRef = 84351FBA1D6CE25200DADE74 /* Rook.swift */; };
		84351FE91D6CE2D600DADE74 /* Player.swift in Sources */ = {isa = PBXBuildFile; fileRef = 84351FA51D6CE23100DADE74 /* Player.swift */; };
		84351FEA1D6CE2D600DADE74 /* Square.swift in Sources */ = {isa = PBXBuildFile; fileRef = 84351FA61D6CE23100DADE74 /* Square.swift */; };
		84351FEB1D6CE2D600DADE74 /* ArrayExtension.swift in Sources */ = {isa = PBXBuildFile; fileRef = 84351FCA1D6CE25D00DADE74 /* ArrayExtension.swift */; };
		84351FEC1D6CE2D600DADE74 /* Constants.swift in Sources */ = {isa = PBXBuildFile; fileRef = 84351FC31D6CE25D00DADE74 /* Constants.swift */; };
		84351FED1D6CE2D600DADE74 /* ErrorHandler.swift in Sources */ = {isa = PBXBuildFile; fileRef = 84351FC41D6CE25D00DADE74 /* ErrorHandler.swift */; };
		84351FEE1D6CE2D600DADE74 /* OperatorOverloadingUtility.swift in Sources */ = {isa = PBXBuildFile; fileRef = 84351FC51D6CE25D00DADE74 /* OperatorOverloadingUtility.swift */; };
		84351FEF1D6CE2D600DADE74 /* PieceFactory.swift in Sources */ = {isa = PBXBuildFile; fileRef = 84351FC61D6CE25D00DADE74 /* PieceFactory.swift */; };
		84351FF01D6CE2D600DADE74 /* Stack.swift in Sources */ = {isa = PBXBuildFile; fileRef = 84351FC71D6CE25D00DADE74 /* Stack.swift */; };
		84351FF11D6CE2D600DADE74 /* StringExtension.swift in Sources */ = {isa = PBXBuildFile; fileRef = 84351FCB1D6CE25D00DADE74 /* StringExtension.swift */; };
		84351FF21D6CE2D600DADE74 /* Structures.swift in Sources */ = {isa = PBXBuildFile; fileRef = 84351FC81D6CE25D00DADE74 /* Structures.swift */; };
		84351FF31D6CE2D600DADE74 /* Utility.swift in Sources */ = {isa = PBXBuildFile; fileRef = 84351FC91D6CE25D00DADE74 /* Utility.swift */; };
		8435200E1D6CE2D800DADE74 /* Controller.swift in Sources */ = {isa = PBXBuildFile; fileRef = 84351F9F1D6CE1D200DADE74 /* Controller.swift */; };
		8435200F1D6CE2D800DADE74 /* AIPlayer.swift in Sources */ = {isa = PBXBuildFile; fileRef = 84351FA11D6CE23100DADE74 /* AIPlayer.swift */; };
		843520101D6CE2D800DADE74 /* Board.swift in Sources */ = {isa = PBXBuildFile; fileRef = 84351FA21D6CE23100DADE74 /* Board.swift */; };
		843520111D6CE2D800DADE74 /* EvaluationValueHandler.swift in Sources */ = {isa = PBXBuildFile; fileRef = 84351FA31D6CE23100DADE74 /* EvaluationValueHandler.swift */; };
		843520121D6CE2D800DADE74 /* GameLogic.swift in Sources */ = {isa = PBXBuildFile; fileRef = 84351FA41D6CE23100DADE74 /* GameLogic.swift */; };
		843520131D6CE2D800DADE74 /* LimitedMoveStrategy.swift in Sources */ = {isa = PBXBuildFile; fileRef = 84351FAD1D6CE24500DADE74 /* LimitedMoveStrategy.swift */; };
		843520141D6CE2D800DADE74 /* MoveStrategy.swift in Sources */ = {isa = PBXBuildFile; fileRef = 84351FAE1D6CE24500DADE74 /* MoveStrategy.swift */; };
		843520151D6CE2D800DADE74 /* UnlimitedMoveStrategy.swift in Sources */ = {isa = PBXBuildFile; fileRef = 84351FAF1D6CE24500DADE74 /* UnlimitedMoveStrategy.swift */; };
		843520161D6CE2D800DADE74 /* Bishop.swift in Sources */ = {isa = PBXBuildFile; fileRef = 84351FB31D6CE25200DADE74 /* Bishop.swift */; };
		843520171D6CE2D800DADE74 /* EmptyPiece.swift in Sources */ = {isa = PBXBuildFile; fileRef = 84351FB41D6CE25200DADE74 /* EmptyPiece.swift */; };
		843520181D6CE2D800DADE74 /* King.swift in Sources */ = {isa = PBXBuildFile; fileRef = 84351FB51D6CE25200DADE74 /* King.swift */; };
		843520191D6CE2D800DADE74 /* Knight.swift in Sources */ = {isa = PBXBuildFile; fileRef = 84351FB61D6CE25200DADE74 /* Knight.swift */; };
		8435201A1D6CE2D800DADE74 /* Pawn.swift in Sources */ = {isa = PBXBuildFile; fileRef = 84351FB71D6CE25200DADE74 /* Pawn.swift */; };
		8435201B1D6CE2D800DADE74 /* Piece.swift in Sources */ = {isa = PBXBuildFile; fileRef = 84351FB81D6CE25200DADE74 /* Piece.swift */; };
		8435201C1D6CE2D800DADE74 /* Queen.swift in Sources */ = {isa = PBXBuildFile; fileRef = 84351FB91D6CE25200DADE74 /* Queen.swift */; };
		8435201D1D6CE2D800DADE74 /* Rook.swift in Sources */ = {isa = PBXBuildFile; fileRef = 84351FBA1D6CE25200DADE74 /* Rook.swift */; };
		8435201E1D6CE2D800DADE74 /* Player.swift in Sources */ = {isa = PBXBuildFile; fileRef = 84351FA51D6CE23100DADE74 /* Player.swift */; };
		8435201F1D6CE2D800DADE74 /* Square.swift in Sources */ = {isa = PBXBuildFile; fileRef = 84351FA61D6CE23100DADE74 /* Square.swift */; };
		843520201D6CE2D800DADE74 /* ArrayExtension.swift in Sources */ = {isa = PBXBuildFile; fileRef = 84351FCA1D6CE25D00DADE74 /* ArrayExtension.swift */; };
		843520211D6CE2D800DADE74 /* Constants.swift in Sources */ = {isa = PBXBuildFile; fileRef = 84351FC31D6CE25D00DADE74 /* Constants.swift */; };
		843520221D6CE2D800DADE74 /* ErrorHandler.swift in Sources */ = {isa = PBXBuildFile; fileRef = 84351FC41D6CE25D00DADE74 /* ErrorHandler.swift */; };
		843520231D6CE2D800DADE74 /* OperatorOverloadingUtility.swift in Sources */ = {isa = PBXBuildFile; fileRef = 84351FC51D6CE25D00DADE74 /* OperatorOverloadingUtility.swift */; };
		843520241D6CE2D800DADE74 /* PieceFactory.swift in Sources */ = {isa = PBXBuildFile; fileRef = 84351FC61D6CE25D00DADE74 /* PieceFactory.swift */; };
		843520251D6CE2D800DADE74 /* Stack.swift in Sources */ = {isa = PBXBuildFile; fileRef = 84351FC71D6CE25D00DADE74 /* Stack.swift */; };
		843520261D6CE2D800DADE74 /* StringExtension.swift in Sources */ = {isa = PBXBuildFile; fileRef = 84351FCB1D6CE25D00DADE74 /* StringExtension.swift */; };
		843520271D6CE2D800DADE74 /* Structures.swift in Sources */ = {isa = PBXBuildFile; fileRef = 84351FC81D6CE25D00DADE74 /* Structures.swift */; };
		843520281D6CE2D800DADE74 /* Utility.swift in Sources */ = {isa = PBXBuildFile; fileRef = 84351FC91D6CE25D00DADE74 /* Utility.swift */; };
		843520291D6CE2D800DADE74 /* AIPlayer.swift in Sources */ = {isa = PBXBuildFile; fileRef = 84351FA11D6CE23100DADE74 /* AIPlayer.swift */; };
		8435202A1D6CE2D800DADE74 /* Board.swift in Sources */ = {isa = PBXBuildFile; fileRef = 84351FA21D6CE23100DADE74 /* Board.swift */; };
		8435202B1D6CE2D800DADE74 /* EvaluationValueHandler.swift in Sources */ = {isa = PBXBuildFile; fileRef = 84351FA31D6CE23100DADE74 /* EvaluationValueHandler.swift */; };
		8435202C1D6CE2D800DADE74 /* GameLogic.swift in Sources */ = {isa = PBXBuildFile; fileRef = 84351FA41D6CE23100DADE74 /* GameLogic.swift */; };
		8435202D1D6CE2D800DADE74 /* LimitedMoveStrategy.swift in Sources */ = {isa = PBXBuildFile; fileRef = 84351FAD1D6CE24500DADE74 /* LimitedMoveStrategy.swift */; };
		8435202E1D6CE2D800DADE74 /* MoveStrategy.swift in Sources */ = {isa = PBXBuildFile; fileRef = 84351FAE1D6CE24500DADE74 /* MoveStrategy.swift */; };
		8435202F1D6CE2D800DADE74 /* UnlimitedMoveStrategy.swift in Sources */ = {isa = PBXBuildFile; fileRef = 84351FAF1D6CE24500DADE74 /* UnlimitedMoveStrategy.swift */; };
		843520301D6CE2D800DADE74 /* Bishop.swift in Sources */ = {isa = PBXBuildFile; fileRef = 84351FB31D6CE25200DADE74 /* Bishop.swift */; };
		843520311D6CE2D800DADE74 /* EmptyPiece.swift in Sources */ = {isa = PBXBuildFile; fileRef = 84351FB41D6CE25200DADE74 /* EmptyPiece.swift */; };
		843520321D6CE2D800DADE74 /* King.swift in Sources */ = {isa = PBXBuildFile; fileRef = 84351FB51D6CE25200DADE74 /* King.swift */; };
		843520331D6CE2D800DADE74 /* Knight.swift in Sources */ = {isa = PBXBuildFile; fileRef = 84351FB61D6CE25200DADE74 /* Knight.swift */; };
		843520341D6CE2D800DADE74 /* Pawn.swift in Sources */ = {isa = PBXBuildFile; fileRef = 84351FB71D6CE25200DADE74 /* Pawn.swift */; };
		843520351D6CE2D800DADE74 /* Piece.swift in Sources */ = {isa = PBXBuildFile; fileRef = 84351FB81D6CE25200DADE74 /* Piece.swift */; };
		843520361D6CE2D800DADE74 /* Queen.swift in Sources */ = {isa = PBXBuildFile; fileRef = 84351FB91D6CE25200DADE74 /* Queen.swift */; };
		843520371D6CE2D800DADE74 /* Rook.swift in Sources */ = {isa = PBXBuildFile; fileRef = 84351FBA1D6CE25200DADE74 /* Rook.swift */; };
		843520381D6CE2D800DADE74 /* Player.swift in Sources */ = {isa = PBXBuildFile; fileRef = 84351FA51D6CE23100DADE74 /* Player.swift */; };
		843520391D6CE2D800DADE74 /* Square.swift in Sources */ = {isa = PBXBuildFile; fileRef = 84351FA61D6CE23100DADE74 /* Square.swift */; };
		8435203A1D6CE2D800DADE74 /* ArrayExtension.swift in Sources */ = {isa = PBXBuildFile; fileRef = 84351FCA1D6CE25D00DADE74 /* ArrayExtension.swift */; };
		8435203B1D6CE2D800DADE74 /* Constants.swift in Sources */ = {isa = PBXBuildFile; fileRef = 84351FC31D6CE25D00DADE74 /* Constants.swift */; };
		8435203C1D6CE2D800DADE74 /* ErrorHandler.swift in Sources */ = {isa = PBXBuildFile; fileRef = 84351FC41D6CE25D00DADE74 /* ErrorHandler.swift */; };
		8435203D1D6CE2D800DADE74 /* OperatorOverloadingUtility.swift in Sources */ = {isa = PBXBuildFile; fileRef = 84351FC51D6CE25D00DADE74 /* OperatorOverloadingUtility.swift */; };
		8435203E1D6CE2D800DADE74 /* PieceFactory.swift in Sources */ = {isa = PBXBuildFile; fileRef = 84351FC61D6CE25D00DADE74 /* PieceFactory.swift */; };
		8435203F1D6CE2D800DADE74 /* Stack.swift in Sources */ = {isa = PBXBuildFile; fileRef = 84351FC71D6CE25D00DADE74 /* Stack.swift */; };
		843520401D6CE2D800DADE74 /* StringExtension.swift in Sources */ = {isa = PBXBuildFile; fileRef = 84351FCB1D6CE25D00DADE74 /* StringExtension.swift */; };
		843520411D6CE2D800DADE74 /* Structures.swift in Sources */ = {isa = PBXBuildFile; fileRef = 84351FC81D6CE25D00DADE74 /* Structures.swift */; };
		843520421D6CE2D800DADE74 /* Utility.swift in Sources */ = {isa = PBXBuildFile; fileRef = 84351FC91D6CE25D00DADE74 /* Utility.swift */; };
		843520431D6CE2D900DADE74 /* AIPlayer.swift in Sources */ = {isa = PBXBuildFile; fileRef = 84351FA11D6CE23100DADE74 /* AIPlayer.swift */; };
		843520441D6CE2D900DADE74 /* Board.swift in Sources */ = {isa = PBXBuildFile; fileRef = 84351FA21D6CE23100DADE74 /* Board.swift */; };
		843520451D6CE2D900DADE74 /* EvaluationValueHandler.swift in Sources */ = {isa = PBXBuildFile; fileRef = 84351FA31D6CE23100DADE74 /* EvaluationValueHandler.swift */; };
		843520461D6CE2D900DADE74 /* GameLogic.swift in Sources */ = {isa = PBXBuildFile; fileRef = 84351FA41D6CE23100DADE74 /* GameLogic.swift */; };
		843520471D6CE2D900DADE74 /* LimitedMoveStrategy.swift in Sources */ = {isa = PBXBuildFile; fileRef = 84351FAD1D6CE24500DADE74 /* LimitedMoveStrategy.swift */; };
		843520481D6CE2D900DADE74 /* MoveStrategy.swift in Sources */ = {isa = PBXBuildFile; fileRef = 84351FAE1D6CE24500DADE74 /* MoveStrategy.swift */; };
		843520491D6CE2D900DADE74 /* UnlimitedMoveStrategy.swift in Sources */ = {isa = PBXBuildFile; fileRef = 84351FAF1D6CE24500DADE74 /* UnlimitedMoveStrategy.swift */; };
		8435204A1D6CE2D900DADE74 /* Bishop.swift in Sources */ = {isa = PBXBuildFile; fileRef = 84351FB31D6CE25200DADE74 /* Bishop.swift */; };
		8435204B1D6CE2D900DADE74 /* EmptyPiece.swift in Sources */ = {isa = PBXBuildFile; fileRef = 84351FB41D6CE25200DADE74 /* EmptyPiece.swift */; };
		8435204C1D6CE2D900DADE74 /* King.swift in Sources */ = {isa = PBXBuildFile; fileRef = 84351FB51D6CE25200DADE74 /* King.swift */; };
		8435204D1D6CE2D900DADE74 /* Knight.swift in Sources */ = {isa = PBXBuildFile; fileRef = 84351FB61D6CE25200DADE74 /* Knight.swift */; };
		8435204E1D6CE2D900DADE74 /* Pawn.swift in Sources */ = {isa = PBXBuildFile; fileRef = 84351FB71D6CE25200DADE74 /* Pawn.swift */; };
		8435204F1D6CE2D900DADE74 /* Piece.swift in Sources */ = {isa = PBXBuildFile; fileRef = 84351FB81D6CE25200DADE74 /* Piece.swift */; };
		843520501D6CE2D900DADE74 /* Queen.swift in Sources */ = {isa = PBXBuildFile; fileRef = 84351FB91D6CE25200DADE74 /* Queen.swift */; };
		843520511D6CE2D900DADE74 /* Rook.swift in Sources */ = {isa = PBXBuildFile; fileRef = 84351FBA1D6CE25200DADE74 /* Rook.swift */; };
		843520521D6CE2D900DADE74 /* Player.swift in Sources */ = {isa = PBXBuildFile; fileRef = 84351FA51D6CE23100DADE74 /* Player.swift */; };
		843520531D6CE2D900DADE74 /* Square.swift in Sources */ = {isa = PBXBuildFile; fileRef = 84351FA61D6CE23100DADE74 /* Square.swift */; };
		843520541D6CE2D900DADE74 /* ArrayExtension.swift in Sources */ = {isa = PBXBuildFile; fileRef = 84351FCA1D6CE25D00DADE74 /* ArrayExtension.swift */; };
		843520551D6CE2D900DADE74 /* Constants.swift in Sources */ = {isa = PBXBuildFile; fileRef = 84351FC31D6CE25D00DADE74 /* Constants.swift */; };
		843520561D6CE2D900DADE74 /* ErrorHandler.swift in Sources */ = {isa = PBXBuildFile; fileRef = 84351FC41D6CE25D00DADE74 /* ErrorHandler.swift */; };
		843520571D6CE2D900DADE74 /* OperatorOverloadingUtility.swift in Sources */ = {isa = PBXBuildFile; fileRef = 84351FC51D6CE25D00DADE74 /* OperatorOverloadingUtility.swift */; };
		843520581D6CE2D900DADE74 /* PieceFactory.swift in Sources */ = {isa = PBXBuildFile; fileRef = 84351FC61D6CE25D00DADE74 /* PieceFactory.swift */; };
		843520591D6CE2D900DADE74 /* Stack.swift in Sources */ = {isa = PBXBuildFile; fileRef = 84351FC71D6CE25D00DADE74 /* Stack.swift */; };
		8435205A1D6CE2D900DADE74 /* StringExtension.swift in Sources */ = {isa = PBXBuildFile; fileRef = 84351FCB1D6CE25D00DADE74 /* StringExtension.swift */; };
		8435205B1D6CE2D900DADE74 /* Structures.swift in Sources */ = {isa = PBXBuildFile; fileRef = 84351FC81D6CE25D00DADE74 /* Structures.swift */; };
		8435205C1D6CE2D900DADE74 /* Utility.swift in Sources */ = {isa = PBXBuildFile; fileRef = 84351FC91D6CE25D00DADE74 /* Utility.swift */; };
		8435205D1D6CE2DA00DADE74 /* AIPlayer.swift in Sources */ = {isa = PBXBuildFile; fileRef = 84351FA11D6CE23100DADE74 /* AIPlayer.swift */; };
		8435205E1D6CE2DA00DADE74 /* Board.swift in Sources */ = {isa = PBXBuildFile; fileRef = 84351FA21D6CE23100DADE74 /* Board.swift */; };
		8435205F1D6CE2DA00DADE74 /* EvaluationValueHandler.swift in Sources */ = {isa = PBXBuildFile; fileRef = 84351FA31D6CE23100DADE74 /* EvaluationValueHandler.swift */; };
		843520601D6CE2DA00DADE74 /* GameLogic.swift in Sources */ = {isa = PBXBuildFile; fileRef = 84351FA41D6CE23100DADE74 /* GameLogic.swift */; };
		843520611D6CE2DA00DADE74 /* LimitedMoveStrategy.swift in Sources */ = {isa = PBXBuildFile; fileRef = 84351FAD1D6CE24500DADE74 /* LimitedMoveStrategy.swift */; };
		843520621D6CE2DA00DADE74 /* MoveStrategy.swift in Sources */ = {isa = PBXBuildFile; fileRef = 84351FAE1D6CE24500DADE74 /* MoveStrategy.swift */; };
		843520631D6CE2DA00DADE74 /* UnlimitedMoveStrategy.swift in Sources */ = {isa = PBXBuildFile; fileRef = 84351FAF1D6CE24500DADE74 /* UnlimitedMoveStrategy.swift */; };
		843520641D6CE2DA00DADE74 /* Bishop.swift in Sources */ = {isa = PBXBuildFile; fileRef = 84351FB31D6CE25200DADE74 /* Bishop.swift */; };
		843520651D6CE2DA00DADE74 /* EmptyPiece.swift in Sources */ = {isa = PBXBuildFile; fileRef = 84351FB41D6CE25200DADE74 /* EmptyPiece.swift */; };
		843520661D6CE2DA00DADE74 /* King.swift in Sources */ = {isa = PBXBuildFile; fileRef = 84351FB51D6CE25200DADE74 /* King.swift */; };
		843520671D6CE2DA00DADE74 /* Knight.swift in Sources */ = {isa = PBXBuildFile; fileRef = 84351FB61D6CE25200DADE74 /* Knight.swift */; };
		843520681D6CE2DA00DADE74 /* Pawn.swift in Sources */ = {isa = PBXBuildFile; fileRef = 84351FB71D6CE25200DADE74 /* Pawn.swift */; };
		843520691D6CE2DA00DADE74 /* Piece.swift in Sources */ = {isa = PBXBuildFile; fileRef = 84351FB81D6CE25200DADE74 /* Piece.swift */; };
		8435206A1D6CE2DA00DADE74 /* Queen.swift in Sources */ = {isa = PBXBuildFile; fileRef = 84351FB91D6CE25200DADE74 /* Queen.swift */; };
		8435206B1D6CE2DA00DADE74 /* Rook.swift in Sources */ = {isa = PBXBuildFile; fileRef = 84351FBA1D6CE25200DADE74 /* Rook.swift */; };
		8435206C1D6CE2DA00DADE74 /* Player.swift in Sources */ = {isa = PBXBuildFile; fileRef = 84351FA51D6CE23100DADE74 /* Player.swift */; };
		8435206D1D6CE2DA00DADE74 /* Square.swift in Sources */ = {isa = PBXBuildFile; fileRef = 84351FA61D6CE23100DADE74 /* Square.swift */; };
		8435206E1D6CE2DA00DADE74 /* ArrayExtension.swift in Sources */ = {isa = PBXBuildFile; fileRef = 84351FCA1D6CE25D00DADE74 /* ArrayExtension.swift */; };
		8435206F1D6CE2DA00DADE74 /* Constants.swift in Sources */ = {isa = PBXBuildFile; fileRef = 84351FC31D6CE25D00DADE74 /* Constants.swift */; };
		843520701D6CE2DA00DADE74 /* ErrorHandler.swift in Sources */ = {isa = PBXBuildFile; fileRef = 84351FC41D6CE25D00DADE74 /* ErrorHandler.swift */; };
		843520711D6CE2DA00DADE74 /* OperatorOverloadingUtility.swift in Sources */ = {isa = PBXBuildFile; fileRef = 84351FC51D6CE25D00DADE74 /* OperatorOverloadingUtility.swift */; };
		843520721D6CE2DA00DADE74 /* PieceFactory.swift in Sources */ = {isa = PBXBuildFile; fileRef = 84351FC61D6CE25D00DADE74 /* PieceFactory.swift */; };
		843520731D6CE2DA00DADE74 /* Stack.swift in Sources */ = {isa = PBXBuildFile; fileRef = 84351FC71D6CE25D00DADE74 /* Stack.swift */; };
		843520741D6CE2DA00DADE74 /* StringExtension.swift in Sources */ = {isa = PBXBuildFile; fileRef = 84351FCB1D6CE25D00DADE74 /* StringExtension.swift */; };
		843520751D6CE2DA00DADE74 /* Structures.swift in Sources */ = {isa = PBXBuildFile; fileRef = 84351FC81D6CE25D00DADE74 /* Structures.swift */; };
		843520761D6CE2DA00DADE74 /* Utility.swift in Sources */ = {isa = PBXBuildFile; fileRef = 84351FC91D6CE25D00DADE74 /* Utility.swift */; };
		845978551D6A497700AD67C0 /* BishopCapturesTests.swift in Sources */ = {isa = PBXBuildFile; fileRef = 8459784F1D6A497700AD67C0 /* BishopCapturesTests.swift */; };
		845978561D6A497700AD67C0 /* KingCapturesTests.swift in Sources */ = {isa = PBXBuildFile; fileRef = 845978501D6A497700AD67C0 /* KingCapturesTests.swift */; };
		845978571D6A497700AD67C0 /* KnightCapturesTests.swift in Sources */ = {isa = PBXBuildFile; fileRef = 845978511D6A497700AD67C0 /* KnightCapturesTests.swift */; };
		845978581D6A497700AD67C0 /* PawnCapturesTests.swift in Sources */ = {isa = PBXBuildFile; fileRef = 845978521D6A497700AD67C0 /* PawnCapturesTests.swift */; };
		845978591D6A497700AD67C0 /* QueenCapturesTests.swift in Sources */ = {isa = PBXBuildFile; fileRef = 845978531D6A497700AD67C0 /* QueenCapturesTests.swift */; };
		8459785A1D6A497700AD67C0 /* RookCapturesTests.swift in Sources */ = {isa = PBXBuildFile; fileRef = 845978541D6A497700AD67C0 /* RookCapturesTests.swift */; };
		845A1CD51D6AC550007E6C45 /* GameLogicTests.swift in Sources */ = {isa = PBXBuildFile; fileRef = 845A1CD41D6AC550007E6C45 /* GameLogicTests.swift */; };
		845A1CD71D6AC570007E6C45 /* PlayerTests.swift in Sources */ = {isa = PBXBuildFile; fileRef = 845A1CD61D6AC570007E6C45 /* PlayerTests.swift */; };
		845A1CE81D6B1092007E6C45 /* CLIView.swift in Sources */ = {isa = PBXBuildFile; fileRef = 845A1CE71D6B1092007E6C45 /* CLIView.swift */; };
		846A4FDF1D5BD1020062B47D /* TestUtility.swift in Sources */ = {isa = PBXBuildFile; fileRef = 846A4FDE1D5BD1020062B47D /* TestUtility.swift */; };
		84DDA5EC1D6A3C7100C2AA37 /* BishopAllowMovesTests.swift in Sources */ = {isa = PBXBuildFile; fileRef = 84DDA5E61D6A3C7100C2AA37 /* BishopAllowMovesTests.swift */; };
		84DDA5ED1D6A3C7100C2AA37 /* KingAllowMovesTests.swift in Sources */ = {isa = PBXBuildFile; fileRef = 84DDA5E71D6A3C7100C2AA37 /* KingAllowMovesTests.swift */; };
		84DDA5EE1D6A3C7100C2AA37 /* KnightAllowMovesTests.swift in Sources */ = {isa = PBXBuildFile; fileRef = 84DDA5E81D6A3C7100C2AA37 /* KnightAllowMovesTests.swift */; };
		84DDA5EF1D6A3C7100C2AA37 /* PawnAllowMovesTests.swift in Sources */ = {isa = PBXBuildFile; fileRef = 84DDA5E91D6A3C7100C2AA37 /* PawnAllowMovesTests.swift */; };
		84DDA5F01D6A3C7100C2AA37 /* QueenAllowMovesTests.swift in Sources */ = {isa = PBXBuildFile; fileRef = 84DDA5EA1D6A3C7100C2AA37 /* QueenAllowMovesTests.swift */; };
		84DDA5F11D6A3C7100C2AA37 /* RookAllowMovesTests.swift in Sources */ = {isa = PBXBuildFile; fileRef = 84DDA5EB1D6A3C7100C2AA37 /* RookAllowMovesTests.swift */; };
		84DDA5F81D6A3C7800C2AA37 /* BishopBlockMovesTests.swift in Sources */ = {isa = PBXBuildFile; fileRef = 84DDA5F21D6A3C7800C2AA37 /* BishopBlockMovesTests.swift */; };
		84DDA5F91D6A3C7800C2AA37 /* KingBlockMovesTests.swift in Sources */ = {isa = PBXBuildFile; fileRef = 84DDA5F31D6A3C7800C2AA37 /* KingBlockMovesTests.swift */; };
		84DDA5FA1D6A3C7800C2AA37 /* KnightBlockMovesTests.swift in Sources */ = {isa = PBXBuildFile; fileRef = 84DDA5F41D6A3C7800C2AA37 /* KnightBlockMovesTests.swift */; };
		84DDA5FB1D6A3C7800C2AA37 /* PawnBlockMovesTests.swift in Sources */ = {isa = PBXBuildFile; fileRef = 84DDA5F51D6A3C7800C2AA37 /* PawnBlockMovesTests.swift */; };
		84DDA5FC1D6A3C7800C2AA37 /* QueenBlockMovesTests.swift in Sources */ = {isa = PBXBuildFile; fileRef = 84DDA5F61D6A3C7800C2AA37 /* QueenBlockMovesTests.swift */; };
		84DDA5FD1D6A3C7800C2AA37 /* RookBlockMovesTests.swift in Sources */ = {isa = PBXBuildFile; fileRef = 84DDA5F71D6A3C7800C2AA37 /* RookBlockMovesTests.swift */; };
		84DDA6041D6A3C7F00C2AA37 /* BishopPossibleMovesTests.swift in Sources */ = {isa = PBXBuildFile; fileRef = 84DDA5FE1D6A3C7F00C2AA37 /* BishopPossibleMovesTests.swift */; };
		84DDA6051D6A3C7F00C2AA37 /* KingPossibleMovesTests.swift in Sources */ = {isa = PBXBuildFile; fileRef = 84DDA5FF1D6A3C7F00C2AA37 /* KingPossibleMovesTests.swift */; };
		84DDA6061D6A3C7F00C2AA37 /* KnightPossibleMovesTests.swift in Sources */ = {isa = PBXBuildFile; fileRef = 84DDA6001D6A3C7F00C2AA37 /* KnightPossibleMovesTests.swift */; };
		84DDA6071D6A3C7F00C2AA37 /* PawnPossibleMovesTests.swift in Sources */ = {isa = PBXBuildFile; fileRef = 84DDA6011D6A3C7F00C2AA37 /* PawnPossibleMovesTests.swift */; };
		84DDA6081D6A3C7F00C2AA37 /* QueenPossibleMovesTests.swift in Sources */ = {isa = PBXBuildFile; fileRef = 84DDA6021D6A3C7F00C2AA37 /* QueenPossibleMovesTests.swift */; };
		84DDA6091D6A3C7F00C2AA37 /* RookPossibleMovesTests.swift in Sources */ = {isa = PBXBuildFile; fileRef = 84DDA6031D6A3C7F00C2AA37 /* RookPossibleMovesTests.swift */; };
		84DDA6131D6A3FC400C2AA37 /* BishopBoardOperationsTests.swift in Sources */ = {isa = PBXBuildFile; fileRef = 84DDA60D1D6A3FC400C2AA37 /* BishopBoardOperationsTests.swift */; };
		84DDA6141D6A3FC400C2AA37 /* KingBoardOperationsTests.swift in Sources */ = {isa = PBXBuildFile; fileRef = 84DDA60E1D6A3FC400C2AA37 /* KingBoardOperationsTests.swift */; };
		84DDA6151D6A3FC400C2AA37 /* KnightBoardOperationsTests.swift in Sources */ = {isa = PBXBuildFile; fileRef = 84DDA60F1D6A3FC400C2AA37 /* KnightBoardOperationsTests.swift */; };
		84DDA6161D6A3FC400C2AA37 /* PawnBoardOperationsTests.swift in Sources */ = {isa = PBXBuildFile; fileRef = 84DDA6101D6A3FC400C2AA37 /* PawnBoardOperationsTests.swift */; };
		84DDA6171D6A3FC400C2AA37 /* QueenBoardOperationsTests.swift in Sources */ = {isa = PBXBuildFile; fileRef = 84DDA6111D6A3FC400C2AA37 /* QueenBoardOperationsTests.swift */; };
		84DDA6181D6A3FC400C2AA37 /* RookBoardOperationsTests.swift in Sources */ = {isa = PBXBuildFile; fileRef = 84DDA6121D6A3FC400C2AA37 /* RookBoardOperationsTests.swift */; };
		84E44E7C1D6D690000FDE572 /* GUIView.swift in Sources */ = {isa = PBXBuildFile; fileRef = 84E44E7B1D6D690000FDE572 /* GUIView.swift */; };
		84E44E7D1D6D690000FDE572 /* GUIView.swift in Sources */ = {isa = PBXBuildFile; fileRef = 84E44E7B1D6D690000FDE572 /* GUIView.swift */; };
		84E44E7E1D6D690000FDE572 /* GUIView.swift in Sources */ = {isa = PBXBuildFile; fileRef = 84E44E7B1D6D690000FDE572 /* GUIView.swift */; };
		84E44E851D6D697900FDE572 /* UIConstants.swift in Sources */ = {isa = PBXBuildFile; fileRef = 84E44E841D6D697900FDE572 /* UIConstants.swift */; };
		84E44E861D6D697900FDE572 /* UIConstants.swift in Sources */ = {isa = PBXBuildFile; fileRef = 84E44E841D6D697900FDE572 /* UIConstants.swift */; };
		84E44E871D6D697900FDE572 /* UIConstants.swift in Sources */ = {isa = PBXBuildFile; fileRef = 84E44E841D6D697900FDE572 /* UIConstants.swift */; };
		84E44E891D6D698100FDE572 /* GUIViewController.swift in Sources */ = {isa = PBXBuildFile; fileRef = 84E44E881D6D698100FDE572 /* GUIViewController.swift */; };
		84E44E8A1D6D698100FDE572 /* GUIViewController.swift in Sources */ = {isa = PBXBuildFile; fileRef = 84E44E881D6D698100FDE572 /* GUIViewController.swift */; };
		84E44E8B1D6D698100FDE572 /* GUIViewController.swift in Sources */ = {isa = PBXBuildFile; fileRef = 84E44E881D6D698100FDE572 /* GUIViewController.swift */; };
		84E44E911D6D6A8F00FDE572 /* AppDelegate.swift in Sources */ = {isa = PBXBuildFile; fileRef = 84E44E8C1D6D6A8F00FDE572 /* AppDelegate.swift */; };
		84E44E921D6D6A8F00FDE572 /* AppDelegate.swift in Sources */ = {isa = PBXBuildFile; fileRef = 84E44E8C1D6D6A8F00FDE572 /* AppDelegate.swift */; };
		84E44E931D6D6A8F00FDE572 /* AppDelegate.swift in Sources */ = {isa = PBXBuildFile; fileRef = 84E44E8C1D6D6A8F00FDE572 /* AppDelegate.swift */; };
		84E44E941D6D6A8F00FDE572 /* art.scnassets in Resources */ = {isa = PBXBuildFile; fileRef = 84E44E8D1D6D6A8F00FDE572 /* art.scnassets */; };
		84E44E951D6D6A8F00FDE572 /* art.scnassets in Resources */ = {isa = PBXBuildFile; fileRef = 84E44E8D1D6D6A8F00FDE572 /* art.scnassets */; };
		84E44E961D6D6A8F00FDE572 /* art.scnassets in Resources */ = {isa = PBXBuildFile; fileRef = 84E44E8D1D6D6A8F00FDE572 /* art.scnassets */; };
		84E44E971D6D6A8F00FDE572 /* Assets.xcassets in Resources */ = {isa = PBXBuildFile; fileRef = 84E44E8E1D6D6A8F00FDE572 /* Assets.xcassets */; };
		84E44E981D6D6A8F00FDE572 /* Assets.xcassets in Resources */ = {isa = PBXBuildFile; fileRef = 84E44E8E1D6D6A8F00FDE572 /* Assets.xcassets */; };
		84E44E991D6D6A8F00FDE572 /* Assets.xcassets in Resources */ = {isa = PBXBuildFile; fileRef = 84E44E8E1D6D6A8F00FDE572 /* Assets.xcassets */; };
		84E44E9E1D6D6A8F00FDE572 /* Info.plist in Resources */ = {isa = PBXBuildFile; fileRef = 84E44E901D6D6A8F00FDE572 /* Info.plist */; };
		84E44E9F1D6D6A8F00FDE572 /* Info.plist in Resources */ = {isa = PBXBuildFile; fileRef = 84E44E901D6D6A8F00FDE572 /* Info.plist */; };
		84E44EA41D6D6B4600FDE572 /* LaunchScreen.storyboard in Resources */ = {isa = PBXBuildFile; fileRef = 84E44EA01D6D6B4600FDE572 /* LaunchScreen.storyboard */; };
		84E44EA51D6D6B4600FDE572 /* LaunchScreen.storyboard in Resources */ = {isa = PBXBuildFile; fileRef = 84E44EA01D6D6B4600FDE572 /* LaunchScreen.storyboard */; };
		84E44EA61D6D6B4600FDE572 /* LaunchScreen.storyboard in Resources */ = {isa = PBXBuildFile; fileRef = 84E44EA01D6D6B4600FDE572 /* LaunchScreen.storyboard */; };
		84E44EA71D6D6B4600FDE572 /* Main.storyboard in Resources */ = {isa = PBXBuildFile; fileRef = 84E44EA21D6D6B4600FDE572 /* Main.storyboard */; };
		84E44EA81D6D6B4600FDE572 /* Main.storyboard in Resources */ = {isa = PBXBuildFile; fileRef = 84E44EA21D6D6B4600FDE572 /* Main.storyboard */; };
		84E44EA91D6D6B4600FDE572 /* Main.storyboard in Resources */ = {isa = PBXBuildFile; fileRef = 84E44EA21D6D6B4600FDE572 /* Main.storyboard */; };
		84E44EB81D6DAA6700FDE572 /* View.swift in Sources */ = {isa = PBXBuildFile; fileRef = 84E44EB71D6DAA6700FDE572 /* View.swift */; };
		84E44EB91D6DAA6700FDE572 /* View.swift in Sources */ = {isa = PBXBuildFile; fileRef = 84E44EB71D6DAA6700FDE572 /* View.swift */; };
		84E44EBA1D6DAA6700FDE572 /* View.swift in Sources */ = {isa = PBXBuildFile; fileRef = 84E44EB71D6DAA6700FDE572 /* View.swift */; };
		84E44EBB1D6DAC1000FDE572 /* View.swift in Sources */ = {isa = PBXBuildFile; fileRef = 84E44EB71D6DAA6700FDE572 /* View.swift */; };
		84E44EBC1D6DAC1100FDE572 /* View.swift in Sources */ = {isa = PBXBuildFile; fileRef = 84E44EB71D6DAA6700FDE572 /* View.swift */; };
		84E44EBD1D6DAD7C00FDE572 /* Controller.swift in Sources */ = {isa = PBXBuildFile; fileRef = 84351F9F1D6CE1D200DADE74 /* Controller.swift */; };
		84E44EBE1D6DAD7C00FDE572 /* Controller.swift in Sources */ = {isa = PBXBuildFile; fileRef = 84351F9F1D6CE1D200DADE74 /* Controller.swift */; };
		84E44EBF1D6DAD7D00FDE572 /* Controller.swift in Sources */ = {isa = PBXBuildFile; fileRef = 84351F9F1D6CE1D200DADE74 /* Controller.swift */; };
		84E44EC31D6DB54300FDE572 /* CLIView.swift in Sources */ = {isa = PBXBuildFile; fileRef = 845A1CE71D6B1092007E6C45 /* CLIView.swift */; };
		84E44EC41D6DB56B00FDE572 /* CLIView.swift in Sources */ = {isa = PBXBuildFile; fileRef = 845A1CE71D6B1092007E6C45 /* CLIView.swift */; };
		84E44EC51D6DB56C00FDE572 /* CLIView.swift in Sources */ = {isa = PBXBuildFile; fileRef = 845A1CE71D6B1092007E6C45 /* CLIView.swift */; };
		84E44EC61D6DB56D00FDE572 /* CLIView.swift in Sources */ = {isa = PBXBuildFile; fileRef = 845A1CE71D6B1092007E6C45 /* CLIView.swift */; };
/* End PBXBuildFile section */

/* Begin PBXContainerItemProxy section */
		84351EE01D6CDFC900DADE74 /* PBXContainerItemProxy */ = {
			isa = PBXContainerItemProxy;
			containerPortal = 2716D3F61D58E8ED0056C582 /* Project object */;
			proxyType = 1;
			remoteGlobalIDString = 84351EC91D6CDFC900DADE74;
			remoteInfo = Chessy;
		};
		84351EEB1D6CDFC900DADE74 /* PBXContainerItemProxy */ = {
			isa = PBXContainerItemProxy;
			containerPortal = 2716D3F61D58E8ED0056C582 /* Project object */;
			proxyType = 1;
			remoteGlobalIDString = 84351EC91D6CDFC900DADE74;
			remoteInfo = Chessy;
		};
/* End PBXContainerItemProxy section */

/* Begin PBXCopyFilesBuildPhase section */
		2716D3FC1D58E8ED0056C582 /* CopyFiles */ = {
			isa = PBXCopyFilesBuildPhase;
			buildActionMask = 2147483647;
			dstPath = /usr/share/man/man1/;
			dstSubfolderSpec = 0;
			files = (
			);
			runOnlyForDeploymentPostprocessing = 1;
		};
/* End PBXCopyFilesBuildPhase section */

/* Begin PBXFileReference section */
		2716D3FE1D58E8ED0056C582 /* Chess */ = {isa = PBXFileReference; explicitFileType = "compiled.mach-o.executable"; includeInIndex = 0; path = Chess; sourceTree = BUILT_PRODUCTS_DIR; };
		2716D4011D58E8ED0056C582 /* main.swift */ = {isa = PBXFileReference; lastKnownFileType = sourcecode.swift; path = main.swift; sourceTree = "<group>"; };
		2716D40C1D58E9140056C582 /* ChessTests.xctest */ = {isa = PBXFileReference; explicitFileType = wrapper.cfbundle; includeInIndex = 0; path = ChessTests.xctest; sourceTree = BUILT_PRODUCTS_DIR; };
		2716D4101D58E9140056C582 /* Info.plist */ = {isa = PBXFileReference; lastKnownFileType = text.plist.xml; path = Info.plist; sourceTree = "<group>"; };
		8402B4921D6CBFB300468EA8 /* TestConstants.swift */ = {isa = PBXFileReference; fileEncoding = 4; lastKnownFileType = sourcecode.swift; path = TestConstants.swift; sourceTree = "<group>"; };
		84351ECA1D6CDFC900DADE74 /* Chessy.app */ = {isa = PBXFileReference; explicitFileType = wrapper.application; includeInIndex = 0; path = Chessy.app; sourceTree = BUILT_PRODUCTS_DIR; };
		84351EDF1D6CDFC900DADE74 /* ChessyTests.xctest */ = {isa = PBXFileReference; explicitFileType = wrapper.cfbundle; includeInIndex = 0; path = ChessyTests.xctest; sourceTree = BUILT_PRODUCTS_DIR; };
		84351EE31D6CDFC900DADE74 /* ChessyTests.swift */ = {isa = PBXFileReference; lastKnownFileType = sourcecode.swift; path = ChessyTests.swift; sourceTree = "<group>"; };
		84351EE51D6CDFC900DADE74 /* Info.plist */ = {isa = PBXFileReference; lastKnownFileType = text.plist.xml; path = Info.plist; sourceTree = "<group>"; };
		84351EEA1D6CDFC900DADE74 /* ChessyUITests.xctest */ = {isa = PBXFileReference; explicitFileType = wrapper.cfbundle; includeInIndex = 0; path = ChessyUITests.xctest; sourceTree = BUILT_PRODUCTS_DIR; };
		84351EEE1D6CDFC900DADE74 /* ChessyUITests.swift */ = {isa = PBXFileReference; lastKnownFileType = sourcecode.swift; path = ChessyUITests.swift; sourceTree = "<group>"; };
		84351EF01D6CDFC900DADE74 /* Info.plist */ = {isa = PBXFileReference; lastKnownFileType = text.plist.xml; path = Info.plist; sourceTree = "<group>"; };
		84351F9F1D6CE1D200DADE74 /* Controller.swift */ = {isa = PBXFileReference; fileEncoding = 4; lastKnownFileType = sourcecode.swift; path = Controller.swift; sourceTree = "<group>"; };
		84351FA11D6CE23100DADE74 /* AIPlayer.swift */ = {isa = PBXFileReference; fileEncoding = 4; lastKnownFileType = sourcecode.swift; name = AIPlayer.swift; path = ../SharedResources/Models/AIPlayer.swift; sourceTree = "<group>"; };
		84351FA21D6CE23100DADE74 /* Board.swift */ = {isa = PBXFileReference; fileEncoding = 4; lastKnownFileType = sourcecode.swift; name = Board.swift; path = ../SharedResources/Models/Board.swift; sourceTree = "<group>"; };
		84351FA31D6CE23100DADE74 /* EvaluationValueHandler.swift */ = {isa = PBXFileReference; fileEncoding = 4; lastKnownFileType = sourcecode.swift; name = EvaluationValueHandler.swift; path = ../SharedResources/Models/EvaluationValueHandler.swift; sourceTree = "<group>"; };
		84351FA41D6CE23100DADE74 /* GameLogic.swift */ = {isa = PBXFileReference; fileEncoding = 4; lastKnownFileType = sourcecode.swift; name = GameLogic.swift; path = ../SharedResources/Models/GameLogic.swift; sourceTree = "<group>"; };
		84351FA51D6CE23100DADE74 /* Player.swift */ = {isa = PBXFileReference; fileEncoding = 4; lastKnownFileType = sourcecode.swift; name = Player.swift; path = ../SharedResources/Models/Player.swift; sourceTree = "<group>"; };
		84351FA61D6CE23100DADE74 /* Square.swift */ = {isa = PBXFileReference; fileEncoding = 4; lastKnownFileType = sourcecode.swift; name = Square.swift; path = ../SharedResources/Models/Square.swift; sourceTree = "<group>"; };
		84351FAD1D6CE24500DADE74 /* LimitedMoveStrategy.swift */ = {isa = PBXFileReference; fileEncoding = 4; lastKnownFileType = sourcecode.swift; name = LimitedMoveStrategy.swift; path = ../SharedResources/Models/MoveStrategies/LimitedMoveStrategy.swift; sourceTree = "<group>"; };
		84351FAE1D6CE24500DADE74 /* MoveStrategy.swift */ = {isa = PBXFileReference; fileEncoding = 4; lastKnownFileType = sourcecode.swift; name = MoveStrategy.swift; path = ../SharedResources/Models/MoveStrategies/MoveStrategy.swift; sourceTree = "<group>"; };
		84351FAF1D6CE24500DADE74 /* UnlimitedMoveStrategy.swift */ = {isa = PBXFileReference; fileEncoding = 4; lastKnownFileType = sourcecode.swift; name = UnlimitedMoveStrategy.swift; path = ../SharedResources/Models/MoveStrategies/UnlimitedMoveStrategy.swift; sourceTree = "<group>"; };
		84351FB31D6CE25200DADE74 /* Bishop.swift */ = {isa = PBXFileReference; fileEncoding = 4; lastKnownFileType = sourcecode.swift; name = Bishop.swift; path = ../SharedResources/Models/Pieces/Bishop.swift; sourceTree = "<group>"; };
		84351FB41D6CE25200DADE74 /* EmptyPiece.swift */ = {isa = PBXFileReference; fileEncoding = 4; lastKnownFileType = sourcecode.swift; name = EmptyPiece.swift; path = ../SharedResources/Models/Pieces/EmptyPiece.swift; sourceTree = "<group>"; };
		84351FB51D6CE25200DADE74 /* King.swift */ = {isa = PBXFileReference; fileEncoding = 4; lastKnownFileType = sourcecode.swift; name = King.swift; path = ../SharedResources/Models/Pieces/King.swift; sourceTree = "<group>"; };
		84351FB61D6CE25200DADE74 /* Knight.swift */ = {isa = PBXFileReference; fileEncoding = 4; lastKnownFileType = sourcecode.swift; name = Knight.swift; path = ../SharedResources/Models/Pieces/Knight.swift; sourceTree = "<group>"; };
		84351FB71D6CE25200DADE74 /* Pawn.swift */ = {isa = PBXFileReference; fileEncoding = 4; lastKnownFileType = sourcecode.swift; name = Pawn.swift; path = ../SharedResources/Models/Pieces/Pawn.swift; sourceTree = "<group>"; };
		84351FB81D6CE25200DADE74 /* Piece.swift */ = {isa = PBXFileReference; fileEncoding = 4; lastKnownFileType = sourcecode.swift; name = Piece.swift; path = ../SharedResources/Models/Pieces/Piece.swift; sourceTree = "<group>"; };
		84351FB91D6CE25200DADE74 /* Queen.swift */ = {isa = PBXFileReference; fileEncoding = 4; lastKnownFileType = sourcecode.swift; name = Queen.swift; path = ../SharedResources/Models/Pieces/Queen.swift; sourceTree = "<group>"; };
		84351FBA1D6CE25200DADE74 /* Rook.swift */ = {isa = PBXFileReference; fileEncoding = 4; lastKnownFileType = sourcecode.swift; name = Rook.swift; path = ../SharedResources/Models/Pieces/Rook.swift; sourceTree = "<group>"; };
		84351FC31D6CE25D00DADE74 /* Constants.swift */ = {isa = PBXFileReference; fileEncoding = 4; lastKnownFileType = sourcecode.swift; name = Constants.swift; path = ../SharedResources/Others/Constants.swift; sourceTree = "<group>"; };
		84351FC41D6CE25D00DADE74 /* ErrorHandler.swift */ = {isa = PBXFileReference; fileEncoding = 4; lastKnownFileType = sourcecode.swift; name = ErrorHandler.swift; path = ../SharedResources/Others/ErrorHandler.swift; sourceTree = "<group>"; };
		84351FC51D6CE25D00DADE74 /* OperatorOverloadingUtility.swift */ = {isa = PBXFileReference; fileEncoding = 4; lastKnownFileType = sourcecode.swift; name = OperatorOverloadingUtility.swift; path = ../SharedResources/Others/OperatorOverloadingUtility.swift; sourceTree = "<group>"; };
		84351FC61D6CE25D00DADE74 /* PieceFactory.swift */ = {isa = PBXFileReference; fileEncoding = 4; lastKnownFileType = sourcecode.swift; name = PieceFactory.swift; path = ../SharedResources/Others/PieceFactory.swift; sourceTree = "<group>"; };
		84351FC71D6CE25D00DADE74 /* Stack.swift */ = {isa = PBXFileReference; fileEncoding = 4; lastKnownFileType = sourcecode.swift; name = Stack.swift; path = ../SharedResources/Others/Stack.swift; sourceTree = "<group>"; };
		84351FC81D6CE25D00DADE74 /* Structures.swift */ = {isa = PBXFileReference; fileEncoding = 4; lastKnownFileType = sourcecode.swift; name = Structures.swift; path = ../SharedResources/Others/Structures.swift; sourceTree = "<group>"; };
		84351FC91D6CE25D00DADE74 /* Utility.swift */ = {isa = PBXFileReference; fileEncoding = 4; lastKnownFileType = sourcecode.swift; name = Utility.swift; path = ../SharedResources/Others/Utility.swift; sourceTree = "<group>"; };
		84351FCA1D6CE25D00DADE74 /* ArrayExtension.swift */ = {isa = PBXFileReference; fileEncoding = 4; lastKnownFileType = sourcecode.swift; name = ArrayExtension.swift; path = ../SharedResources/Others/ArrayExtension.swift; sourceTree = "<group>"; };
		84351FCB1D6CE25D00DADE74 /* StringExtension.swift */ = {isa = PBXFileReference; fileEncoding = 4; lastKnownFileType = sourcecode.swift; name = StringExtension.swift; path = ../SharedResources/Others/StringExtension.swift; sourceTree = "<group>"; };
		8459784F1D6A497700AD67C0 /* BishopCapturesTests.swift */ = {isa = PBXFileReference; fileEncoding = 4; lastKnownFileType = sourcecode.swift; name = BishopCapturesTests.swift; path = PieceCapturesTests/BishopCapturesTests.swift; sourceTree = "<group>"; };
		845978501D6A497700AD67C0 /* KingCapturesTests.swift */ = {isa = PBXFileReference; fileEncoding = 4; lastKnownFileType = sourcecode.swift; name = KingCapturesTests.swift; path = PieceCapturesTests/KingCapturesTests.swift; sourceTree = "<group>"; };
		845978511D6A497700AD67C0 /* KnightCapturesTests.swift */ = {isa = PBXFileReference; fileEncoding = 4; lastKnownFileType = sourcecode.swift; name = KnightCapturesTests.swift; path = PieceCapturesTests/KnightCapturesTests.swift; sourceTree = "<group>"; };
		845978521D6A497700AD67C0 /* PawnCapturesTests.swift */ = {isa = PBXFileReference; fileEncoding = 4; lastKnownFileType = sourcecode.swift; name = PawnCapturesTests.swift; path = PieceCapturesTests/PawnCapturesTests.swift; sourceTree = "<group>"; };
		845978531D6A497700AD67C0 /* QueenCapturesTests.swift */ = {isa = PBXFileReference; fileEncoding = 4; lastKnownFileType = sourcecode.swift; name = QueenCapturesTests.swift; path = PieceCapturesTests/QueenCapturesTests.swift; sourceTree = "<group>"; };
		845978541D6A497700AD67C0 /* RookCapturesTests.swift */ = {isa = PBXFileReference; fileEncoding = 4; lastKnownFileType = sourcecode.swift; name = RookCapturesTests.swift; path = PieceCapturesTests/RookCapturesTests.swift; sourceTree = "<group>"; };
		845A1CD41D6AC550007E6C45 /* GameLogicTests.swift */ = {isa = PBXFileReference; fileEncoding = 4; lastKnownFileType = sourcecode.swift; name = GameLogicTests.swift; path = GameLogicAndPlayerTests/GameLogicTests.swift; sourceTree = "<group>"; };
		845A1CD61D6AC570007E6C45 /* PlayerTests.swift */ = {isa = PBXFileReference; fileEncoding = 4; lastKnownFileType = sourcecode.swift; name = PlayerTests.swift; path = GameLogicAndPlayerTests/PlayerTests.swift; sourceTree = "<group>"; };
		845A1CE71D6B1092007E6C45 /* CLIView.swift */ = {isa = PBXFileReference; fileEncoding = 4; lastKnownFileType = sourcecode.swift; name = CLIView.swift; path = Views/CLIView.swift; sourceTree = "<group>"; };
		846A4FDE1D5BD1020062B47D /* TestUtility.swift */ = {isa = PBXFileReference; fileEncoding = 4; lastKnownFileType = sourcecode.swift; path = TestUtility.swift; sourceTree = "<group>"; };
		84DDA5E61D6A3C7100C2AA37 /* BishopAllowMovesTests.swift */ = {isa = PBXFileReference; fileEncoding = 4; lastKnownFileType = sourcecode.swift; name = BishopAllowMovesTests.swift; path = PieceAllowMovesTests/BishopAllowMovesTests.swift; sourceTree = "<group>"; };
		84DDA5E71D6A3C7100C2AA37 /* KingAllowMovesTests.swift */ = {isa = PBXFileReference; fileEncoding = 4; lastKnownFileType = sourcecode.swift; name = KingAllowMovesTests.swift; path = PieceAllowMovesTests/KingAllowMovesTests.swift; sourceTree = "<group>"; };
		84DDA5E81D6A3C7100C2AA37 /* KnightAllowMovesTests.swift */ = {isa = PBXFileReference; fileEncoding = 4; lastKnownFileType = sourcecode.swift; name = KnightAllowMovesTests.swift; path = PieceAllowMovesTests/KnightAllowMovesTests.swift; sourceTree = "<group>"; };
		84DDA5E91D6A3C7100C2AA37 /* PawnAllowMovesTests.swift */ = {isa = PBXFileReference; fileEncoding = 4; lastKnownFileType = sourcecode.swift; name = PawnAllowMovesTests.swift; path = PieceAllowMovesTests/PawnAllowMovesTests.swift; sourceTree = "<group>"; };
		84DDA5EA1D6A3C7100C2AA37 /* QueenAllowMovesTests.swift */ = {isa = PBXFileReference; fileEncoding = 4; lastKnownFileType = sourcecode.swift; name = QueenAllowMovesTests.swift; path = PieceAllowMovesTests/QueenAllowMovesTests.swift; sourceTree = "<group>"; };
		84DDA5EB1D6A3C7100C2AA37 /* RookAllowMovesTests.swift */ = {isa = PBXFileReference; fileEncoding = 4; lastKnownFileType = sourcecode.swift; name = RookAllowMovesTests.swift; path = PieceAllowMovesTests/RookAllowMovesTests.swift; sourceTree = "<group>"; };
		84DDA5F21D6A3C7800C2AA37 /* BishopBlockMovesTests.swift */ = {isa = PBXFileReference; fileEncoding = 4; lastKnownFileType = sourcecode.swift; name = BishopBlockMovesTests.swift; path = PieceBlockMovesTests/BishopBlockMovesTests.swift; sourceTree = "<group>"; };
		84DDA5F31D6A3C7800C2AA37 /* KingBlockMovesTests.swift */ = {isa = PBXFileReference; fileEncoding = 4; lastKnownFileType = sourcecode.swift; name = KingBlockMovesTests.swift; path = PieceBlockMovesTests/KingBlockMovesTests.swift; sourceTree = "<group>"; };
		84DDA5F41D6A3C7800C2AA37 /* KnightBlockMovesTests.swift */ = {isa = PBXFileReference; fileEncoding = 4; lastKnownFileType = sourcecode.swift; name = KnightBlockMovesTests.swift; path = PieceBlockMovesTests/KnightBlockMovesTests.swift; sourceTree = "<group>"; };
		84DDA5F51D6A3C7800C2AA37 /* PawnBlockMovesTests.swift */ = {isa = PBXFileReference; fileEncoding = 4; lastKnownFileType = sourcecode.swift; name = PawnBlockMovesTests.swift; path = PieceBlockMovesTests/PawnBlockMovesTests.swift; sourceTree = "<group>"; };
		84DDA5F61D6A3C7800C2AA37 /* QueenBlockMovesTests.swift */ = {isa = PBXFileReference; fileEncoding = 4; lastKnownFileType = sourcecode.swift; name = QueenBlockMovesTests.swift; path = PieceBlockMovesTests/QueenBlockMovesTests.swift; sourceTree = "<group>"; };
		84DDA5F71D6A3C7800C2AA37 /* RookBlockMovesTests.swift */ = {isa = PBXFileReference; fileEncoding = 4; lastKnownFileType = sourcecode.swift; name = RookBlockMovesTests.swift; path = PieceBlockMovesTests/RookBlockMovesTests.swift; sourceTree = "<group>"; };
		84DDA5FE1D6A3C7F00C2AA37 /* BishopPossibleMovesTests.swift */ = {isa = PBXFileReference; fileEncoding = 4; lastKnownFileType = sourcecode.swift; name = BishopPossibleMovesTests.swift; path = PiecePossibleMovesTests/BishopPossibleMovesTests.swift; sourceTree = "<group>"; };
		84DDA5FF1D6A3C7F00C2AA37 /* KingPossibleMovesTests.swift */ = {isa = PBXFileReference; fileEncoding = 4; lastKnownFileType = sourcecode.swift; name = KingPossibleMovesTests.swift; path = PiecePossibleMovesTests/KingPossibleMovesTests.swift; sourceTree = "<group>"; };
		84DDA6001D6A3C7F00C2AA37 /* KnightPossibleMovesTests.swift */ = {isa = PBXFileReference; fileEncoding = 4; lastKnownFileType = sourcecode.swift; name = KnightPossibleMovesTests.swift; path = PiecePossibleMovesTests/KnightPossibleMovesTests.swift; sourceTree = "<group>"; };
		84DDA6011D6A3C7F00C2AA37 /* PawnPossibleMovesTests.swift */ = {isa = PBXFileReference; fileEncoding = 4; lastKnownFileType = sourcecode.swift; name = PawnPossibleMovesTests.swift; path = PiecePossibleMovesTests/PawnPossibleMovesTests.swift; sourceTree = "<group>"; };
		84DDA6021D6A3C7F00C2AA37 /* QueenPossibleMovesTests.swift */ = {isa = PBXFileReference; fileEncoding = 4; lastKnownFileType = sourcecode.swift; name = QueenPossibleMovesTests.swift; path = PiecePossibleMovesTests/QueenPossibleMovesTests.swift; sourceTree = "<group>"; };
		84DDA6031D6A3C7F00C2AA37 /* RookPossibleMovesTests.swift */ = {isa = PBXFileReference; fileEncoding = 4; lastKnownFileType = sourcecode.swift; name = RookPossibleMovesTests.swift; path = PiecePossibleMovesTests/RookPossibleMovesTests.swift; sourceTree = "<group>"; };
		84DDA60D1D6A3FC400C2AA37 /* BishopBoardOperationsTests.swift */ = {isa = PBXFileReference; fileEncoding = 4; lastKnownFileType = sourcecode.swift; name = BishopBoardOperationsTests.swift; path = PieceBoardOperationsTests/BishopBoardOperationsTests.swift; sourceTree = "<group>"; };
		84DDA60E1D6A3FC400C2AA37 /* KingBoardOperationsTests.swift */ = {isa = PBXFileReference; fileEncoding = 4; lastKnownFileType = sourcecode.swift; name = KingBoardOperationsTests.swift; path = PieceBoardOperationsTests/KingBoardOperationsTests.swift; sourceTree = "<group>"; };
		84DDA60F1D6A3FC400C2AA37 /* KnightBoardOperationsTests.swift */ = {isa = PBXFileReference; fileEncoding = 4; lastKnownFileType = sourcecode.swift; name = KnightBoardOperationsTests.swift; path = PieceBoardOperationsTests/KnightBoardOperationsTests.swift; sourceTree = "<group>"; };
		84DDA6101D6A3FC400C2AA37 /* PawnBoardOperationsTests.swift */ = {isa = PBXFileReference; fileEncoding = 4; lastKnownFileType = sourcecode.swift; name = PawnBoardOperationsTests.swift; path = PieceBoardOperationsTests/PawnBoardOperationsTests.swift; sourceTree = "<group>"; };
		84DDA6111D6A3FC400C2AA37 /* QueenBoardOperationsTests.swift */ = {isa = PBXFileReference; fileEncoding = 4; lastKnownFileType = sourcecode.swift; name = QueenBoardOperationsTests.swift; path = PieceBoardOperationsTests/QueenBoardOperationsTests.swift; sourceTree = "<group>"; };
		84DDA6121D6A3FC400C2AA37 /* RookBoardOperationsTests.swift */ = {isa = PBXFileReference; fileEncoding = 4; lastKnownFileType = sourcecode.swift; name = RookBoardOperationsTests.swift; path = PieceBoardOperationsTests/RookBoardOperationsTests.swift; sourceTree = "<group>"; };
		84E44E7B1D6D690000FDE572 /* GUIView.swift */ = {isa = PBXFileReference; fileEncoding = 4; lastKnownFileType = sourcecode.swift; name = GUIView.swift; path = Views/GUIView.swift; sourceTree = "<group>"; };
		84E44E841D6D697900FDE572 /* UIConstants.swift */ = {isa = PBXFileReference; fileEncoding = 4; lastKnownFileType = sourcecode.swift; name = UIConstants.swift; path = Others/UIConstants.swift; sourceTree = "<group>"; };
		84E44E881D6D698100FDE572 /* GUIViewController.swift */ = {isa = PBXFileReference; fileEncoding = 4; lastKnownFileType = sourcecode.swift; name = GUIViewController.swift; path = Controllers/GUIViewController.swift; sourceTree = "<group>"; };
		84E44E8C1D6D6A8F00FDE572 /* AppDelegate.swift */ = {isa = PBXFileReference; fileEncoding = 4; lastKnownFileType = sourcecode.swift; name = AppDelegate.swift; path = Others/AppDelegate.swift; sourceTree = "<group>"; };
		84E44E8D1D6D6A8F00FDE572 /* art.scnassets */ = {isa = PBXFileReference; lastKnownFileType = wrapper.scnassets; name = art.scnassets; path = Others/art.scnassets; sourceTree = "<group>"; };
		84E44E8E1D6D6A8F00FDE572 /* Assets.xcassets */ = {isa = PBXFileReference; lastKnownFileType = folder.assetcatalog; name = Assets.xcassets; path = Others/Assets.xcassets; sourceTree = "<group>"; };
		84E44E901D6D6A8F00FDE572 /* Info.plist */ = {isa = PBXFileReference; fileEncoding = 4; lastKnownFileType = text.plist.xml; name = Info.plist; path = Others/Info.plist; sourceTree = "<group>"; };
		84E44EA11D6D6B4600FDE572 /* Base */ = {isa = PBXFileReference; lastKnownFileType = file.storyboard; name = Base; path = Others/Base.lproj/LaunchScreen.storyboard; sourceTree = "<group>"; };
		84E44EA31D6D6B4600FDE572 /* Base */ = {isa = PBXFileReference; lastKnownFileType = file.storyboard; name = Base; path = Others/Base.lproj/Main.storyboard; sourceTree = "<group>"; };
		84E44EB71D6DAA6700FDE572 /* View.swift */ = {isa = PBXFileReference; fileEncoding = 4; lastKnownFileType = sourcecode.swift; name = View.swift; path = SharedResources/Views/View.swift; sourceTree = "<group>"; };
/* End PBXFileReference section */

/* Begin PBXFrameworksBuildPhase section */
		2716D3FB1D58E8ED0056C582 /* Frameworks */ = {
			isa = PBXFrameworksBuildPhase;
			buildActionMask = 2147483647;
			files = (
			);
			runOnlyForDeploymentPostprocessing = 0;
		};
		2716D4091D58E9140056C582 /* Frameworks */ = {
			isa = PBXFrameworksBuildPhase;
			buildActionMask = 2147483647;
			files = (
			);
			runOnlyForDeploymentPostprocessing = 0;
		};
		84351EC71D6CDFC900DADE74 /* Frameworks */ = {
			isa = PBXFrameworksBuildPhase;
			buildActionMask = 2147483647;
			files = (
			);
			runOnlyForDeploymentPostprocessing = 0;
		};
		84351EDC1D6CDFC900DADE74 /* Frameworks */ = {
			isa = PBXFrameworksBuildPhase;
			buildActionMask = 2147483647;
			files = (
			);
			runOnlyForDeploymentPostprocessing = 0;
		};
		84351EE71D6CDFC900DADE74 /* Frameworks */ = {
			isa = PBXFrameworksBuildPhase;
			buildActionMask = 2147483647;
			files = (
			);
			runOnlyForDeploymentPostprocessing = 0;
		};
/* End PBXFrameworksBuildPhase section */

/* Begin PBXGroup section */
		2716D3F51D58E8ED0056C582 = {
			isa = PBXGroup;
			children = (
				84351EFA1D6CE00900DADE74 /* SharedResources */,
				2716D4001D58E8ED0056C582 /* Chess */,
				2716D40D1D58E9140056C582 /* ChessTests */,
				84351ECB1D6CDFC900DADE74 /* Chessy */,
				84351EE21D6CDFC900DADE74 /* ChessyTests */,
				84351EED1D6CDFC900DADE74 /* ChessyUITests */,
				2716D3FF1D58E8ED0056C582 /* Products */,
			);
			sourceTree = "<group>";
		};
		2716D3FF1D58E8ED0056C582 /* Products */ = {
			isa = PBXGroup;
			children = (
				2716D3FE1D58E8ED0056C582 /* Chess */,
				2716D40C1D58E9140056C582 /* ChessTests.xctest */,
				84351ECA1D6CDFC900DADE74 /* Chessy.app */,
				84351EDF1D6CDFC900DADE74 /* ChessyTests.xctest */,
				84351EEA1D6CDFC900DADE74 /* ChessyUITests.xctest */,
			);
			name = Products;
			sourceTree = "<group>";
		};
		2716D4001D58E8ED0056C582 /* Chess */ = {
			isa = PBXGroup;
			children = (
				2716D4011D58E8ED0056C582 /* main.swift */,
				845A1CE61D6B1084007E6C45 /* Views */,
			);
			path = Chess;
			sourceTree = "<group>";
		};
		2716D40D1D58E9140056C582 /* ChessTests */ = {
			isa = PBXGroup;
			children = (
				845A1CD31D6AC4B0007E6C45 /* GameLogicAndPlayerTests */,
				2716D4101D58E9140056C582 /* Info.plist */,
				84BF65E21D5F4910005DD48F /* PieceAllowMovesTests */,
				84BF65FB1D5F49A5005DD48F /* PieceBlockMovesTests */,
				84DDA60C1D6A3FB000C2AA37 /* PieceBoardOperationsTests */,
				8459784E1D6A496500AD67C0 /* PieceCapturesTests */,
				84AC15A31D6A130E0084FAD7 /* PiecePossibleMovesTests */,
				846A4FDE1D5BD1020062B47D /* TestUtility.swift */,
				8402B4921D6CBFB300468EA8 /* TestConstants.swift */,
			);
			path = ChessTests;
			sourceTree = "<group>";
		};
		2716D41C1D58E9DA0056C582 /* Models */ = {
			isa = PBXGroup;
			children = (
				84351FA11D6CE23100DADE74 /* AIPlayer.swift */,
				84351FA21D6CE23100DADE74 /* Board.swift */,
				84351FA31D6CE23100DADE74 /* EvaluationValueHandler.swift */,
				84351FA41D6CE23100DADE74 /* GameLogic.swift */,
				849A19281D6300B3000BE807 /* MoveStrategies */,
				2716D42A1D58F2230056C582 /* Pieces */,
				84351FA51D6CE23100DADE74 /* Player.swift */,
				84351FA61D6CE23100DADE74 /* Square.swift */,
			);
			name = Models;
			path = Chess;
			sourceTree = "<group>";
		};
		2716D4291D58F1650056C582 /* Others */ = {
			isa = PBXGroup;
			children = (
				84351FCA1D6CE25D00DADE74 /* ArrayExtension.swift */,
				84351FC31D6CE25D00DADE74 /* Constants.swift */,
				84351FC41D6CE25D00DADE74 /* ErrorHandler.swift */,
				84351FC51D6CE25D00DADE74 /* OperatorOverloadingUtility.swift */,
				84351FC61D6CE25D00DADE74 /* PieceFactory.swift */,
				84351FC71D6CE25D00DADE74 /* Stack.swift */,
				84351FCB1D6CE25D00DADE74 /* StringExtension.swift */,
				84351FC81D6CE25D00DADE74 /* Structures.swift */,
				84351FC91D6CE25D00DADE74 /* Utility.swift */,
			);
			name = Others;
			path = Chess;
			sourceTree = "<group>";
		};
		2716D42A1D58F2230056C582 /* Pieces */ = {
			isa = PBXGroup;
			children = (
				84351FB31D6CE25200DADE74 /* Bishop.swift */,
				84351FB41D6CE25200DADE74 /* EmptyPiece.swift */,
				84351FB51D6CE25200DADE74 /* King.swift */,
				84351FB61D6CE25200DADE74 /* Knight.swift */,
				84351FB71D6CE25200DADE74 /* Pawn.swift */,
				84351FB81D6CE25200DADE74 /* Piece.swift */,
				84351FB91D6CE25200DADE74 /* Queen.swift */,
				84351FBA1D6CE25200DADE74 /* Rook.swift */,
			);
			name = Pieces;
			sourceTree = "<group>";
		};
		84351ECB1D6CDFC900DADE74 /* Chessy */ = {
			isa = PBXGroup;
			children = (
				84E44E801D6D691B00FDE572 /* Controllers */,
				84E44E831D6D696B00FDE572 /* Others */,
				84E44E7F1D6D690800FDE572 /* Views */,
			);
			path = Chessy;
			sourceTree = "<group>";
		};
		84351EE21D6CDFC900DADE74 /* ChessyTests */ = {
			isa = PBXGroup;
			children = (
				84351EE31D6CDFC900DADE74 /* ChessyTests.swift */,
				84351EE51D6CDFC900DADE74 /* Info.plist */,
			);
			path = ChessyTests;
			sourceTree = "<group>";
		};
		84351EED1D6CDFC900DADE74 /* ChessyUITests */ = {
			isa = PBXGroup;
			children = (
				84351EEE1D6CDFC900DADE74 /* ChessyUITests.swift */,
				84351EF01D6CDFC900DADE74 /* Info.plist */,
			);
			path = ChessyUITests;
			sourceTree = "<group>";
		};
		84351EFA1D6CE00900DADE74 /* SharedResources */ = {
			isa = PBXGroup;
			children = (
				845A1CE21D6B0F15007E6C45 /* Controllers */,
				2716D41C1D58E9DA0056C582 /* Models */,
				2716D4291D58F1650056C582 /* Others */,
				84E44EB61D6DAA4D00FDE572 /* Views */,
			);
			name = SharedResources;
			sourceTree = "<group>";
		};
		8459784E1D6A496500AD67C0 /* PieceCapturesTests */ = {
			isa = PBXGroup;
			children = (
				8459784F1D6A497700AD67C0 /* BishopCapturesTests.swift */,
				845978501D6A497700AD67C0 /* KingCapturesTests.swift */,
				845978511D6A497700AD67C0 /* KnightCapturesTests.swift */,
				845978521D6A497700AD67C0 /* PawnCapturesTests.swift */,
				845978531D6A497700AD67C0 /* QueenCapturesTests.swift */,
				845978541D6A497700AD67C0 /* RookCapturesTests.swift */,
			);
			name = PieceCapturesTests;
			sourceTree = "<group>";
		};
		845A1CD31D6AC4B0007E6C45 /* GameLogicAndPlayerTests */ = {
			isa = PBXGroup;
			children = (
				845A1CD41D6AC550007E6C45 /* GameLogicTests.swift */,
				845A1CD61D6AC570007E6C45 /* PlayerTests.swift */,
			);
			name = GameLogicAndPlayerTests;
			sourceTree = "<group>";
		};
		845A1CE21D6B0F15007E6C45 /* Controllers */ = {
			isa = PBXGroup;
			children = (
				84351F9F1D6CE1D200DADE74 /* Controller.swift */,
			);
			name = Controllers;
			path = SharedResources/Controllers;
			sourceTree = "<group>";
		};
		845A1CE61D6B1084007E6C45 /* Views */ = {
			isa = PBXGroup;
			children = (
				845A1CE71D6B1092007E6C45 /* CLIView.swift */,
			);
			name = Views;
			sourceTree = "<group>";
		};
		849A19281D6300B3000BE807 /* MoveStrategies */ = {
			isa = PBXGroup;
			children = (
				84351FAD1D6CE24500DADE74 /* LimitedMoveStrategy.swift */,
				84351FAE1D6CE24500DADE74 /* MoveStrategy.swift */,
				84351FAF1D6CE24500DADE74 /* UnlimitedMoveStrategy.swift */,
			);
			name = MoveStrategies;
			sourceTree = "<group>";
		};
		84AC15A31D6A130E0084FAD7 /* PiecePossibleMovesTests */ = {
			isa = PBXGroup;
			children = (
				84DDA5FE1D6A3C7F00C2AA37 /* BishopPossibleMovesTests.swift */,
				84DDA5FF1D6A3C7F00C2AA37 /* KingPossibleMovesTests.swift */,
				84DDA6001D6A3C7F00C2AA37 /* KnightPossibleMovesTests.swift */,
				84DDA6011D6A3C7F00C2AA37 /* PawnPossibleMovesTests.swift */,
				84DDA6021D6A3C7F00C2AA37 /* QueenPossibleMovesTests.swift */,
				84DDA6031D6A3C7F00C2AA37 /* RookPossibleMovesTests.swift */,
			);
			name = PiecePossibleMovesTests;
			sourceTree = "<group>";
		};
		84BF65E21D5F4910005DD48F /* PieceAllowMovesTests */ = {
			isa = PBXGroup;
			children = (
				84DDA5E61D6A3C7100C2AA37 /* BishopAllowMovesTests.swift */,
				84DDA5E71D6A3C7100C2AA37 /* KingAllowMovesTests.swift */,
				84DDA5E81D6A3C7100C2AA37 /* KnightAllowMovesTests.swift */,
				84DDA5E91D6A3C7100C2AA37 /* PawnAllowMovesTests.swift */,
				84DDA5EA1D6A3C7100C2AA37 /* QueenAllowMovesTests.swift */,
				84DDA5EB1D6A3C7100C2AA37 /* RookAllowMovesTests.swift */,
			);
			name = PieceAllowMovesTests;
			sourceTree = "<group>";
		};
		84BF65FB1D5F49A5005DD48F /* PieceBlockMovesTests */ = {
			isa = PBXGroup;
			children = (
				84DDA5F21D6A3C7800C2AA37 /* BishopBlockMovesTests.swift */,
				84DDA5F31D6A3C7800C2AA37 /* KingBlockMovesTests.swift */,
				84DDA5F41D6A3C7800C2AA37 /* KnightBlockMovesTests.swift */,
				84DDA5F51D6A3C7800C2AA37 /* PawnBlockMovesTests.swift */,
				84DDA5F61D6A3C7800C2AA37 /* QueenBlockMovesTests.swift */,
				84DDA5F71D6A3C7800C2AA37 /* RookBlockMovesTests.swift */,
			);
			name = PieceBlockMovesTests;
			sourceTree = "<group>";
		};
		84DDA60C1D6A3FB000C2AA37 /* PieceBoardOperationsTests */ = {
			isa = PBXGroup;
			children = (
				84DDA60D1D6A3FC400C2AA37 /* BishopBoardOperationsTests.swift */,
				84DDA60E1D6A3FC400C2AA37 /* KingBoardOperationsTests.swift */,
				84DDA60F1D6A3FC400C2AA37 /* KnightBoardOperationsTests.swift */,
				84DDA6101D6A3FC400C2AA37 /* PawnBoardOperationsTests.swift */,
				84DDA6111D6A3FC400C2AA37 /* QueenBoardOperationsTests.swift */,
				84DDA6121D6A3FC400C2AA37 /* RookBoardOperationsTests.swift */,
			);
			name = PieceBoardOperationsTests;
			sourceTree = "<group>";
		};
		84E44E7F1D6D690800FDE572 /* Views */ = {
			isa = PBXGroup;
			children = (
				84E44E7B1D6D690000FDE572 /* GUIView.swift */,
			);
			name = Views;
			sourceTree = "<group>";
		};
		84E44E801D6D691B00FDE572 /* Controllers */ = {
			isa = PBXGroup;
			children = (
				84E44E881D6D698100FDE572 /* GUIViewController.swift */,
			);
			name = Controllers;
			sourceTree = "<group>";
		};
		84E44E831D6D696B00FDE572 /* Others */ = {
			isa = PBXGroup;
			children = (
				84E44E8C1D6D6A8F00FDE572 /* AppDelegate.swift */,
				84E44E8D1D6D6A8F00FDE572 /* art.scnassets */,
				84E44E8E1D6D6A8F00FDE572 /* Assets.xcassets */,
				84E44E901D6D6A8F00FDE572 /* Info.plist */,
				84E44EA01D6D6B4600FDE572 /* LaunchScreen.storyboard */,
				84E44EA21D6D6B4600FDE572 /* Main.storyboard */,
				84E44E841D6D697900FDE572 /* UIConstants.swift */,
			);
			name = Others;
			sourceTree = "<group>";
		};
		84E44EB61D6DAA4D00FDE572 /* Views */ = {
			isa = PBXGroup;
			children = (
				84E44EB71D6DAA6700FDE572 /* View.swift */,
			);
			name = Views;
			sourceTree = "<group>";
		};
/* End PBXGroup section */

/* Begin PBXNativeTarget section */
		2716D3FD1D58E8ED0056C582 /* Chess */ = {
			isa = PBXNativeTarget;
			buildConfigurationList = 2716D4051D58E8ED0056C582 /* Build configuration list for PBXNativeTarget "Chess" */;
			buildPhases = (
				2716D3FA1D58E8ED0056C582 /* Sources */,
				2716D3FB1D58E8ED0056C582 /* Frameworks */,
				2716D3FC1D58E8ED0056C582 /* CopyFiles */,
			);
			buildRules = (
			);
			dependencies = (
			);
			name = Chess;
			productName = Chess;
			productReference = 2716D3FE1D58E8ED0056C582 /* Chess */;
			productType = "com.apple.product-type.tool";
		};
		2716D40B1D58E9140056C582 /* ChessTests */ = {
			isa = PBXNativeTarget;
			buildConfigurationList = 2716D4111D58E9140056C582 /* Build configuration list for PBXNativeTarget "ChessTests" */;
			buildPhases = (
				2716D4081D58E9140056C582 /* Sources */,
				2716D4091D58E9140056C582 /* Frameworks */,
				2716D40A1D58E9140056C582 /* Resources */,
			);
			buildRules = (
			);
			dependencies = (
			);
			name = ChessTests;
			productName = ChessTests;
			productReference = 2716D40C1D58E9140056C582 /* ChessTests.xctest */;
			productType = "com.apple.product-type.bundle.unit-test";
		};
		84351EC91D6CDFC900DADE74 /* Chessy */ = {
			isa = PBXNativeTarget;
			buildConfigurationList = 84351EF71D6CDFC900DADE74 /* Build configuration list for PBXNativeTarget "Chessy" */;
			buildPhases = (
				84351EC61D6CDFC900DADE74 /* Sources */,
				84351EC71D6CDFC900DADE74 /* Frameworks */,
				84351EC81D6CDFC900DADE74 /* Resources */,
			);
			buildRules = (
			);
			dependencies = (
			);
			name = Chessy;
			productName = Chessy;
			productReference = 84351ECA1D6CDFC900DADE74 /* Chessy.app */;
			productType = "com.apple.product-type.application";
		};
		84351EDE1D6CDFC900DADE74 /* ChessyTests */ = {
			isa = PBXNativeTarget;
			buildConfigurationList = 84351EF81D6CDFC900DADE74 /* Build configuration list for PBXNativeTarget "ChessyTests" */;
			buildPhases = (
				84351EDB1D6CDFC900DADE74 /* Sources */,
				84351EDC1D6CDFC900DADE74 /* Frameworks */,
				84351EDD1D6CDFC900DADE74 /* Resources */,
			);
			buildRules = (
			);
			dependencies = (
				84351EE11D6CDFC900DADE74 /* PBXTargetDependency */,
			);
			name = ChessyTests;
			productName = ChessyTests;
			productReference = 84351EDF1D6CDFC900DADE74 /* ChessyTests.xctest */;
			productType = "com.apple.product-type.bundle.unit-test";
		};
		84351EE91D6CDFC900DADE74 /* ChessyUITests */ = {
			isa = PBXNativeTarget;
			buildConfigurationList = 84351EF91D6CDFC900DADE74 /* Build configuration list for PBXNativeTarget "ChessyUITests" */;
			buildPhases = (
				84351EE61D6CDFC900DADE74 /* Sources */,
				84351EE71D6CDFC900DADE74 /* Frameworks */,
				84351EE81D6CDFC900DADE74 /* Resources */,
			);
			buildRules = (
			);
			dependencies = (
				84351EEC1D6CDFC900DADE74 /* PBXTargetDependency */,
			);
			name = ChessyUITests;
			productName = ChessyUITests;
			productReference = 84351EEA1D6CDFC900DADE74 /* ChessyUITests.xctest */;
			productType = "com.apple.product-type.bundle.ui-testing";
		};
/* End PBXNativeTarget section */

/* Begin PBXProject section */
		2716D3F61D58E8ED0056C582 /* Project object */ = {
			isa = PBXProject;
			attributes = {
				LastSwiftUpdateCheck = 0730;
				LastUpgradeCheck = 0730;
				ORGANIZATIONNAME = Chess;
				TargetAttributes = {
					2716D3FD1D58E8ED0056C582 = {
						CreatedOnToolsVersion = 7.3;
					};
					2716D40B1D58E9140056C582 = {
						CreatedOnToolsVersion = 7.3;
					};
					84351EC91D6CDFC900DADE74 = {
						CreatedOnToolsVersion = 7.3;
					};
					84351EDE1D6CDFC900DADE74 = {
						CreatedOnToolsVersion = 7.3;
						TestTargetID = 84351EC91D6CDFC900DADE74;
					};
					84351EE91D6CDFC900DADE74 = {
						CreatedOnToolsVersion = 7.3;
						TestTargetID = 84351EC91D6CDFC900DADE74;
					};
				};
			};
			buildConfigurationList = 2716D3F91D58E8ED0056C582 /* Build configuration list for PBXProject "Chess" */;
			compatibilityVersion = "Xcode 3.2";
			developmentRegion = English;
			hasScannedForEncodings = 0;
			knownRegions = (
				en,
				Base,
			);
			mainGroup = 2716D3F51D58E8ED0056C582;
			productRefGroup = 2716D3FF1D58E8ED0056C582 /* Products */;
			projectDirPath = "";
			projectRoot = "";
			targets = (
				2716D3FD1D58E8ED0056C582 /* Chess */,
				2716D40B1D58E9140056C582 /* ChessTests */,
				84351EC91D6CDFC900DADE74 /* Chessy */,
				84351EDE1D6CDFC900DADE74 /* ChessyTests */,
				84351EE91D6CDFC900DADE74 /* ChessyUITests */,
			);
		};
/* End PBXProject section */

/* Begin PBXResourcesBuildPhase section */
		2716D40A1D58E9140056C582 /* Resources */ = {
			isa = PBXResourcesBuildPhase;
			buildActionMask = 2147483647;
			files = (
			);
			runOnlyForDeploymentPostprocessing = 0;
		};
		84351EC81D6CDFC900DADE74 /* Resources */ = {
			isa = PBXResourcesBuildPhase;
			buildActionMask = 2147483647;
			files = (
				84E44EA71D6D6B4600FDE572 /* Main.storyboard in Resources */,
				84E44EA41D6D6B4600FDE572 /* LaunchScreen.storyboard in Resources */,
				84E44E971D6D6A8F00FDE572 /* Assets.xcassets in Resources */,
				84E44E941D6D6A8F00FDE572 /* art.scnassets in Resources */,
			);
			runOnlyForDeploymentPostprocessing = 0;
		};
		84351EDD1D6CDFC900DADE74 /* Resources */ = {
			isa = PBXResourcesBuildPhase;
			buildActionMask = 2147483647;
			files = (
				84E44E9E1D6D6A8F00FDE572 /* Info.plist in Resources */,
				84E44EA81D6D6B4600FDE572 /* Main.storyboard in Resources */,
				84E44EA51D6D6B4600FDE572 /* LaunchScreen.storyboard in Resources */,
				84E44E981D6D6A8F00FDE572 /* Assets.xcassets in Resources */,
				84E44E951D6D6A8F00FDE572 /* art.scnassets in Resources */,
			);
			runOnlyForDeploymentPostprocessing = 0;
		};
		84351EE81D6CDFC900DADE74 /* Resources */ = {
			isa = PBXResourcesBuildPhase;
			buildActionMask = 2147483647;
			files = (
				84E44E9F1D6D6A8F00FDE572 /* Info.plist in Resources */,
				84E44EA91D6D6B4600FDE572 /* Main.storyboard in Resources */,
				84E44EA61D6D6B4600FDE572 /* LaunchScreen.storyboard in Resources */,
				84E44E991D6D6A8F00FDE572 /* Assets.xcassets in Resources */,
				84E44E961D6D6A8F00FDE572 /* art.scnassets in Resources */,
			);
			runOnlyForDeploymentPostprocessing = 0;
		};
/* End PBXResourcesBuildPhase section */

/* Begin PBXSourcesBuildPhase section */
		2716D3FA1D58E8ED0056C582 /* Sources */ = {
			isa = PBXSourcesBuildPhase;
			buildActionMask = 2147483647;
			files = (
				84351FEA1D6CE2D600DADE74 /* Square.swift in Sources */,
				84351FEC1D6CE2D600DADE74 /* Constants.swift in Sources */,
				84E44EBB1D6DAC1000FDE572 /* View.swift in Sources */,
				84351FEE1D6CE2D600DADE74 /* OperatorOverloadingUtility.swift in Sources */,
				84351FF21D6CE2D600DADE74 /* Structures.swift in Sources */,
				84351FE21D6CE2D600DADE74 /* EmptyPiece.swift in Sources */,
				84351FEF1D6CE2D600DADE74 /* PieceFactory.swift in Sources */,
				84351FF11D6CE2D600DADE74 /* StringExtension.swift in Sources */,
				84351FDA1D6CE2D600DADE74 /* AIPlayer.swift in Sources */,
				84351FF31D6CE2D600DADE74 /* Utility.swift in Sources */,
				84351FE01D6CE2D600DADE74 /* UnlimitedMoveStrategy.swift in Sources */,
				84351FD91D6CE2D600DADE74 /* Controller.swift in Sources */,
				84351FE11D6CE2D600DADE74 /* Bishop.swift in Sources */,
				84351FDC1D6CE2D600DADE74 /* EvaluationValueHandler.swift in Sources */,
				84351FE41D6CE2D600DADE74 /* Knight.swift in Sources */,
				84351FE71D6CE2D600DADE74 /* Queen.swift in Sources */,
				84351FED1D6CE2D600DADE74 /* ErrorHandler.swift in Sources */,
				84351FDB1D6CE2D600DADE74 /* Board.swift in Sources */,
				84351FF01D6CE2D600DADE74 /* Stack.swift in Sources */,
				2716D4021D58E8ED0056C582 /* main.swift in Sources */,
				845A1CE81D6B1092007E6C45 /* CLIView.swift in Sources */,
				84351FDE1D6CE2D600DADE74 /* LimitedMoveStrategy.swift in Sources */,
				84351FDF1D6CE2D600DADE74 /* MoveStrategy.swift in Sources */,
				84351FE61D6CE2D600DADE74 /* Piece.swift in Sources */,
				84351FE81D6CE2D600DADE74 /* Rook.swift in Sources */,
				84351FE31D6CE2D600DADE74 /* King.swift in Sources */,
				84351FE91D6CE2D600DADE74 /* Player.swift in Sources */,
				84351FEB1D6CE2D600DADE74 /* ArrayExtension.swift in Sources */,
				84351FE51D6CE2D600DADE74 /* Pawn.swift in Sources */,
				84351FDD1D6CE2D600DADE74 /* GameLogic.swift in Sources */,
			);
			runOnlyForDeploymentPostprocessing = 0;
		};
		2716D4081D58E9140056C582 /* Sources */ = {
			isa = PBXSourcesBuildPhase;
			buildActionMask = 2147483647;
			files = (
				84DDA5EE1D6A3C7100C2AA37 /* KnightAllowMovesTests.swift in Sources */,
				84DDA5FA1D6A3C7800C2AA37 /* KnightBlockMovesTests.swift in Sources */,
				843520111D6CE2D800DADE74 /* EvaluationValueHandler.swift in Sources */,
				845978581D6A497700AD67C0 /* PawnCapturesTests.swift in Sources */,
				84DDA5F91D6A3C7800C2AA37 /* KingBlockMovesTests.swift in Sources */,
				84E44EBC1D6DAC1100FDE572 /* View.swift in Sources */,
				84DDA5F81D6A3C7800C2AA37 /* BishopBlockMovesTests.swift in Sources */,
				84DDA5ED1D6A3C7100C2AA37 /* KingAllowMovesTests.swift in Sources */,
				84DDA6071D6A3C7F00C2AA37 /* PawnPossibleMovesTests.swift in Sources */,
				843520191D6CE2D800DADE74 /* Knight.swift in Sources */,
				84DDA6151D6A3FC400C2AA37 /* KnightBoardOperationsTests.swift in Sources */,
				843520231D6CE2D800DADE74 /* OperatorOverloadingUtility.swift in Sources */,
				84DDA6171D6A3FC400C2AA37 /* QueenBoardOperationsTests.swift in Sources */,
				84DDA5EF1D6A3C7100C2AA37 /* PawnAllowMovesTests.swift in Sources */,
				8402B4931D6CBFB300468EA8 /* TestConstants.swift in Sources */,
				84DDA5F11D6A3C7100C2AA37 /* RookAllowMovesTests.swift in Sources */,
				84DDA5FC1D6A3C7800C2AA37 /* QueenBlockMovesTests.swift in Sources */,
				845978571D6A497700AD67C0 /* KnightCapturesTests.swift in Sources */,
				8435201C1D6CE2D800DADE74 /* Queen.swift in Sources */,
				845978591D6A497700AD67C0 /* QueenCapturesTests.swift in Sources */,
				84DDA6181D6A3FC400C2AA37 /* RookBoardOperationsTests.swift in Sources */,
				843520101D6CE2D800DADE74 /* Board.swift in Sources */,
				8435200F1D6CE2D800DADE74 /* AIPlayer.swift in Sources */,
				843520251D6CE2D800DADE74 /* Stack.swift in Sources */,
				845978561D6A497700AD67C0 /* KingCapturesTests.swift in Sources */,
				845A1CD51D6AC550007E6C45 /* GameLogicTests.swift in Sources */,
				843520241D6CE2D800DADE74 /* PieceFactory.swift in Sources */,
				843520141D6CE2D800DADE74 /* MoveStrategy.swift in Sources */,
				8435201D1D6CE2D800DADE74 /* Rook.swift in Sources */,
				843520161D6CE2D800DADE74 /* Bishop.swift in Sources */,
				84DDA6061D6A3C7F00C2AA37 /* KnightPossibleMovesTests.swift in Sources */,
				843520281D6CE2D800DADE74 /* Utility.swift in Sources */,
				843520151D6CE2D800DADE74 /* UnlimitedMoveStrategy.swift in Sources */,
				84DDA6091D6A3C7F00C2AA37 /* RookPossibleMovesTests.swift in Sources */,
				8435200E1D6CE2D800DADE74 /* Controller.swift in Sources */,
				84DDA5FD1D6A3C7800C2AA37 /* RookBlockMovesTests.swift in Sources */,
				845978551D6A497700AD67C0 /* BishopCapturesTests.swift in Sources */,
				843520181D6CE2D800DADE74 /* King.swift in Sources */,
				8459785A1D6A497700AD67C0 /* RookCapturesTests.swift in Sources */,
				84DDA6161D6A3FC400C2AA37 /* PawnBoardOperationsTests.swift in Sources */,
				845A1CD71D6AC570007E6C45 /* PlayerTests.swift in Sources */,
				843520201D6CE2D800DADE74 /* ArrayExtension.swift in Sources */,
				843520221D6CE2D800DADE74 /* ErrorHandler.swift in Sources */,
				846A4FDF1D5BD1020062B47D /* TestUtility.swift in Sources */,
				84DDA5F01D6A3C7100C2AA37 /* QueenAllowMovesTests.swift in Sources */,
				84DDA5EC1D6A3C7100C2AA37 /* BishopAllowMovesTests.swift in Sources */,
				84DDA6141D6A3FC400C2AA37 /* KingBoardOperationsTests.swift in Sources */,
				843520171D6CE2D800DADE74 /* EmptyPiece.swift in Sources */,
				84DDA6131D6A3FC400C2AA37 /* BishopBoardOperationsTests.swift in Sources */,
				84DDA5FB1D6A3C7800C2AA37 /* PawnBlockMovesTests.swift in Sources */,
				84DDA6081D6A3C7F00C2AA37 /* QueenPossibleMovesTests.swift in Sources */,
				843520121D6CE2D800DADE74 /* GameLogic.swift in Sources */,
				84DDA6051D6A3C7F00C2AA37 /* KingPossibleMovesTests.swift in Sources */,
				84E44EC31D6DB54300FDE572 /* CLIView.swift in Sources */,
				8435201B1D6CE2D800DADE74 /* Piece.swift in Sources */,
				843520131D6CE2D800DADE74 /* LimitedMoveStrategy.swift in Sources */,
				8435201F1D6CE2D800DADE74 /* Square.swift in Sources */,
				8435201A1D6CE2D800DADE74 /* Pawn.swift in Sources */,
				843520271D6CE2D800DADE74 /* Structures.swift in Sources */,
				8435201E1D6CE2D800DADE74 /* Player.swift in Sources */,
				84DDA6041D6A3C7F00C2AA37 /* BishopPossibleMovesTests.swift in Sources */,
				843520211D6CE2D800DADE74 /* Constants.swift in Sources */,
				843520261D6CE2D800DADE74 /* StringExtension.swift in Sources */,
			);
			runOnlyForDeploymentPostprocessing = 0;
		};
		84351EC61D6CDFC900DADE74 /* Sources */ = {
			isa = PBXSourcesBuildPhase;
			buildActionMask = 2147483647;
			files = (
				843520391D6CE2D800DADE74 /* Square.swift in Sources */,
				8435203B1D6CE2D800DADE74 /* Constants.swift in Sources */,
				8435203D1D6CE2D800DADE74 /* OperatorOverloadingUtility.swift in Sources */,
				843520411D6CE2D800DADE74 /* Structures.swift in Sources */,
				843520311D6CE2D800DADE74 /* EmptyPiece.swift in Sources */,
				8435203E1D6CE2D800DADE74 /* PieceFactory.swift in Sources */,
				843520401D6CE2D800DADE74 /* StringExtension.swift in Sources */,
				843520291D6CE2D800DADE74 /* AIPlayer.swift in Sources */,
				843520421D6CE2D800DADE74 /* Utility.swift in Sources */,
				8435202F1D6CE2D800DADE74 /* UnlimitedMoveStrategy.swift in Sources */,
				843520301D6CE2D800DADE74 /* Bishop.swift in Sources */,
				8435202B1D6CE2D800DADE74 /* EvaluationValueHandler.swift in Sources */,
				843520331D6CE2D800DADE74 /* Knight.swift in Sources */,
				843520361D6CE2D800DADE74 /* Queen.swift in Sources */,
				8435203C1D6CE2D800DADE74 /* ErrorHandler.swift in Sources */,
				84E44EBD1D6DAD7C00FDE572 /* Controller.swift in Sources */,
				8435202A1D6CE2D800DADE74 /* Board.swift in Sources */,
				84E44E851D6D697900FDE572 /* UIConstants.swift in Sources */,
				8435203F1D6CE2D800DADE74 /* Stack.swift in Sources */,
				8435202D1D6CE2D800DADE74 /* LimitedMoveStrategy.swift in Sources */,
				8435202E1D6CE2D800DADE74 /* MoveStrategy.swift in Sources */,
				84E44E891D6D698100FDE572 /* GUIViewController.swift in Sources */,
				84E44E911D6D6A8F00FDE572 /* AppDelegate.swift in Sources */,
				843520351D6CE2D800DADE74 /* Piece.swift in Sources */,
				843520371D6CE2D800DADE74 /* Rook.swift in Sources */,
				843520321D6CE2D800DADE74 /* King.swift in Sources */,
				843520381D6CE2D800DADE74 /* Player.swift in Sources */,
				8435203A1D6CE2D800DADE74 /* ArrayExtension.swift in Sources */,
				84E44EB81D6DAA6700FDE572 /* View.swift in Sources */,
				84E44EC41D6DB56B00FDE572 /* CLIView.swift in Sources */,
				843520341D6CE2D800DADE74 /* Pawn.swift in Sources */,
				84E44E7C1D6D690000FDE572 /* GUIView.swift in Sources */,
				8435202C1D6CE2D800DADE74 /* GameLogic.swift in Sources */,
			);
			runOnlyForDeploymentPostprocessing = 0;
		};
		84351EDB1D6CDFC900DADE74 /* Sources */ = {
			isa = PBXSourcesBuildPhase;
			buildActionMask = 2147483647;
			files = (
				84E44EB91D6DAA6700FDE572 /* View.swift in Sources */,
				8435205C1D6CE2D900DADE74 /* Utility.swift in Sources */,
				843520461D6CE2D900DADE74 /* GameLogic.swift in Sources */,
				8435205B1D6CE2D900DADE74 /* Structures.swift in Sources */,
				84E44E7D1D6D690000FDE572 /* GUIView.swift in Sources */,
				8435204E1D6CE2D900DADE74 /* Pawn.swift in Sources */,
				8435204F1D6CE2D900DADE74 /* Piece.swift in Sources */,
				843520581D6CE2D900DADE74 /* PieceFactory.swift in Sources */,
				84351EE41D6CDFC900DADE74 /* ChessyTests.swift in Sources */,
				84E44E921D6D6A8F00FDE572 /* AppDelegate.swift in Sources */,
				843520501D6CE2D900DADE74 /* Queen.swift in Sources */,
				8435204C1D6CE2D900DADE74 /* King.swift in Sources */,
				843520491D6CE2D900DADE74 /* UnlimitedMoveStrategy.swift in Sources */,
				8435204B1D6CE2D900DADE74 /* EmptyPiece.swift in Sources */,
				843520431D6CE2D900DADE74 /* AIPlayer.swift in Sources */,
				843520441D6CE2D900DADE74 /* Board.swift in Sources */,
				843520451D6CE2D900DADE74 /* EvaluationValueHandler.swift in Sources */,
				843520551D6CE2D900DADE74 /* Constants.swift in Sources */,
				8435204D1D6CE2D900DADE74 /* Knight.swift in Sources */,
				84E44E861D6D697900FDE572 /* UIConstants.swift in Sources */,
				8435204A1D6CE2D900DADE74 /* Bishop.swift in Sources */,
				843520471D6CE2D900DADE74 /* LimitedMoveStrategy.swift in Sources */,
				843520591D6CE2D900DADE74 /* Stack.swift in Sources */,
				843520561D6CE2D900DADE74 /* ErrorHandler.swift in Sources */,
				84E44EBE1D6DAD7C00FDE572 /* Controller.swift in Sources */,
				84E44E8A1D6D698100FDE572 /* GUIViewController.swift in Sources */,
				843520541D6CE2D900DADE74 /* ArrayExtension.swift in Sources */,
				843520511D6CE2D900DADE74 /* Rook.swift in Sources */,
				843520571D6CE2D900DADE74 /* OperatorOverloadingUtility.swift in Sources */,
				843520531D6CE2D900DADE74 /* Square.swift in Sources */,
				843520521D6CE2D900DADE74 /* Player.swift in Sources */,
				84E44EC51D6DB56C00FDE572 /* CLIView.swift in Sources */,
				8435205A1D6CE2D900DADE74 /* StringExtension.swift in Sources */,
				843520481D6CE2D900DADE74 /* MoveStrategy.swift in Sources */,
			);
			runOnlyForDeploymentPostprocessing = 0;
		};
		84351EE61D6CDFC900DADE74 /* Sources */ = {
			isa = PBXSourcesBuildPhase;
			buildActionMask = 2147483647;
			files = (
				84E44EBA1D6DAA6700FDE572 /* View.swift in Sources */,
				843520761D6CE2DA00DADE74 /* Utility.swift in Sources */,
				843520601D6CE2DA00DADE74 /* GameLogic.swift in Sources */,
				843520751D6CE2DA00DADE74 /* Structures.swift in Sources */,
				84E44E7E1D6D690000FDE572 /* GUIView.swift in Sources */,
				843520681D6CE2DA00DADE74 /* Pawn.swift in Sources */,
				843520691D6CE2DA00DADE74 /* Piece.swift in Sources */,
				843520721D6CE2DA00DADE74 /* PieceFactory.swift in Sources */,
				84351EEF1D6CDFC900DADE74 /* ChessyUITests.swift in Sources */,
				84E44E931D6D6A8F00FDE572 /* AppDelegate.swift in Sources */,
				8435206A1D6CE2DA00DADE74 /* Queen.swift in Sources */,
				843520661D6CE2DA00DADE74 /* King.swift in Sources */,
				843520631D6CE2DA00DADE74 /* UnlimitedMoveStrategy.swift in Sources */,
				843520651D6CE2DA00DADE74 /* EmptyPiece.swift in Sources */,
				8435205D1D6CE2DA00DADE74 /* AIPlayer.swift in Sources */,
				8435205E1D6CE2DA00DADE74 /* Board.swift in Sources */,
				8435205F1D6CE2DA00DADE74 /* EvaluationValueHandler.swift in Sources */,
				8435206F1D6CE2DA00DADE74 /* Constants.swift in Sources */,
				843520671D6CE2DA00DADE74 /* Knight.swift in Sources */,
				84E44E871D6D697900FDE572 /* UIConstants.swift in Sources */,
				843520641D6CE2DA00DADE74 /* Bishop.swift in Sources */,
				843520611D6CE2DA00DADE74 /* LimitedMoveStrategy.swift in Sources */,
				843520731D6CE2DA00DADE74 /* Stack.swift in Sources */,
				843520701D6CE2DA00DADE74 /* ErrorHandler.swift in Sources */,
				84E44EBF1D6DAD7D00FDE572 /* Controller.swift in Sources */,
				84E44E8B1D6D698100FDE572 /* GUIViewController.swift in Sources */,
				8435206E1D6CE2DA00DADE74 /* ArrayExtension.swift in Sources */,
				8435206B1D6CE2DA00DADE74 /* Rook.swift in Sources */,
				843520711D6CE2DA00DADE74 /* OperatorOverloadingUtility.swift in Sources */,
				8435206D1D6CE2DA00DADE74 /* Square.swift in Sources */,
				8435206C1D6CE2DA00DADE74 /* Player.swift in Sources */,
				84E44EC61D6DB56D00FDE572 /* CLIView.swift in Sources */,
				843520741D6CE2DA00DADE74 /* StringExtension.swift in Sources */,
				843520621D6CE2DA00DADE74 /* MoveStrategy.swift in Sources */,
			);
			runOnlyForDeploymentPostprocessing = 0;
		};
/* End PBXSourcesBuildPhase section */

/* Begin PBXTargetDependency section */
		84351EE11D6CDFC900DADE74 /* PBXTargetDependency */ = {
			isa = PBXTargetDependency;
			target = 84351EC91D6CDFC900DADE74 /* Chessy */;
			targetProxy = 84351EE01D6CDFC900DADE74 /* PBXContainerItemProxy */;
		};
		84351EEC1D6CDFC900DADE74 /* PBXTargetDependency */ = {
			isa = PBXTargetDependency;
			target = 84351EC91D6CDFC900DADE74 /* Chessy */;
			targetProxy = 84351EEB1D6CDFC900DADE74 /* PBXContainerItemProxy */;
		};
/* End PBXTargetDependency section */

/* Begin PBXVariantGroup section */
		84E44EA01D6D6B4600FDE572 /* LaunchScreen.storyboard */ = {
			isa = PBXVariantGroup;
			children = (
				84E44EA11D6D6B4600FDE572 /* Base */,
			);
			name = LaunchScreen.storyboard;
			sourceTree = "<group>";
		};
		84E44EA21D6D6B4600FDE572 /* Main.storyboard */ = {
			isa = PBXVariantGroup;
			children = (
				84E44EA31D6D6B4600FDE572 /* Base */,
			);
			name = Main.storyboard;
			sourceTree = "<group>";
		};
/* End PBXVariantGroup section */

/* Begin XCBuildConfiguration section */
		2716D4031D58E8ED0056C582 /* Debug */ = {
			isa = XCBuildConfiguration;
			buildSettings = {
				ALWAYS_SEARCH_USER_PATHS = NO;
				CLANG_ANALYZER_NONNULL = YES;
				CLANG_CXX_LANGUAGE_STANDARD = "gnu++0x";
				CLANG_CXX_LIBRARY = "libc++";
				CLANG_ENABLE_MODULES = YES;
				CLANG_ENABLE_OBJC_ARC = YES;
				CLANG_WARN_BOOL_CONVERSION = YES;
				CLANG_WARN_CONSTANT_CONVERSION = YES;
				CLANG_WARN_DIRECT_OBJC_ISA_USAGE = YES_ERROR;
				CLANG_WARN_EMPTY_BODY = YES;
				CLANG_WARN_ENUM_CONVERSION = YES;
				CLANG_WARN_INT_CONVERSION = YES;
				CLANG_WARN_OBJC_ROOT_CLASS = YES_ERROR;
				CLANG_WARN_UNREACHABLE_CODE = YES;
				CLANG_WARN__DUPLICATE_METHOD_MATCH = YES;
				CODE_SIGN_IDENTITY = "-";
				COPY_PHASE_STRIP = NO;
				DEBUG_INFORMATION_FORMAT = dwarf;
				ENABLE_STRICT_OBJC_MSGSEND = YES;
				ENABLE_TESTABILITY = YES;
				GCC_C_LANGUAGE_STANDARD = gnu99;
				GCC_DYNAMIC_NO_PIC = NO;
				GCC_NO_COMMON_BLOCKS = YES;
				GCC_OPTIMIZATION_LEVEL = 0;
				GCC_PREPROCESSOR_DEFINITIONS = (
					"DEBUG=1",
					"$(inherited)",
				);
				GCC_WARN_64_TO_32_BIT_CONVERSION = YES;
				GCC_WARN_ABOUT_RETURN_TYPE = YES_ERROR;
				GCC_WARN_UNDECLARED_SELECTOR = YES;
				GCC_WARN_UNINITIALIZED_AUTOS = YES_AGGRESSIVE;
				GCC_WARN_UNUSED_FUNCTION = YES;
				GCC_WARN_UNUSED_VARIABLE = YES;
				MACOSX_DEPLOYMENT_TARGET = 10.11;
				MTL_ENABLE_DEBUG_INFO = YES;
				ONLY_ACTIVE_ARCH = YES;
				SDKROOT = macosx;
				SWIFT_OPTIMIZATION_LEVEL = "-Onone";
			};
			name = Debug;
		};
		2716D4041D58E8ED0056C582 /* Release */ = {
			isa = XCBuildConfiguration;
			buildSettings = {
				ALWAYS_SEARCH_USER_PATHS = NO;
				CLANG_ANALYZER_NONNULL = YES;
				CLANG_CXX_LANGUAGE_STANDARD = "gnu++0x";
				CLANG_CXX_LIBRARY = "libc++";
				CLANG_ENABLE_MODULES = YES;
				CLANG_ENABLE_OBJC_ARC = YES;
				CLANG_WARN_BOOL_CONVERSION = YES;
				CLANG_WARN_CONSTANT_CONVERSION = YES;
				CLANG_WARN_DIRECT_OBJC_ISA_USAGE = YES_ERROR;
				CLANG_WARN_EMPTY_BODY = YES;
				CLANG_WARN_ENUM_CONVERSION = YES;
				CLANG_WARN_INT_CONVERSION = YES;
				CLANG_WARN_OBJC_ROOT_CLASS = YES_ERROR;
				CLANG_WARN_UNREACHABLE_CODE = YES;
				CLANG_WARN__DUPLICATE_METHOD_MATCH = YES;
				CODE_SIGN_IDENTITY = "-";
				COPY_PHASE_STRIP = NO;
				DEBUG_INFORMATION_FORMAT = "dwarf-with-dsym";
				ENABLE_NS_ASSERTIONS = NO;
				ENABLE_STRICT_OBJC_MSGSEND = YES;
				GCC_C_LANGUAGE_STANDARD = gnu99;
				GCC_NO_COMMON_BLOCKS = YES;
				GCC_WARN_64_TO_32_BIT_CONVERSION = YES;
				GCC_WARN_ABOUT_RETURN_TYPE = YES_ERROR;
				GCC_WARN_UNDECLARED_SELECTOR = YES;
				GCC_WARN_UNINITIALIZED_AUTOS = YES_AGGRESSIVE;
				GCC_WARN_UNUSED_FUNCTION = YES;
				GCC_WARN_UNUSED_VARIABLE = YES;
				MACOSX_DEPLOYMENT_TARGET = 10.11;
				MTL_ENABLE_DEBUG_INFO = NO;
				SDKROOT = macosx;
			};
			name = Release;
		};
		2716D4061D58E8ED0056C582 /* Debug */ = {
			isa = XCBuildConfiguration;
			buildSettings = {
				PRODUCT_NAME = "$(TARGET_NAME)";
			};
			name = Debug;
		};
		2716D4071D58E8ED0056C582 /* Release */ = {
			isa = XCBuildConfiguration;
			buildSettings = {
				PRODUCT_NAME = "$(TARGET_NAME)";
			};
			name = Release;
		};
		2716D4121D58E9140056C582 /* Debug */ = {
			isa = XCBuildConfiguration;
			buildSettings = {
				COMBINE_HIDPI_IMAGES = YES;
				INFOPLIST_FILE = ChessTests/Info.plist;
				LD_RUNPATH_SEARCH_PATHS = "$(inherited) @executable_path/../Frameworks @loader_path/../Frameworks";
				PRODUCT_BUNDLE_IDENTIFIER = Chess.ChessTests;
				PRODUCT_NAME = "$(TARGET_NAME)";
			};
			name = Debug;
		};
		2716D4131D58E9140056C582 /* Release */ = {
			isa = XCBuildConfiguration;
			buildSettings = {
				COMBINE_HIDPI_IMAGES = YES;
				INFOPLIST_FILE = ChessTests/Info.plist;
				LD_RUNPATH_SEARCH_PATHS = "$(inherited) @executable_path/../Frameworks @loader_path/../Frameworks";
				PRODUCT_BUNDLE_IDENTIFIER = Chess.ChessTests;
				PRODUCT_NAME = "$(TARGET_NAME)";
			};
			name = Release;
		};
		84351EF11D6CDFC900DADE74 /* Debug */ = {
			isa = XCBuildConfiguration;
			buildSettings = {
				ASSETCATALOG_COMPILER_APPICON_NAME = AppIcon;
				"CODE_SIGN_IDENTITY[sdk=iphoneos*]" = "iPhone Developer";
				DEBUG_INFORMATION_FORMAT = "dwarf-with-dsym";
				INFOPLIST_FILE = "$(SRCROOT)/Chessy/Others/Info.plist";
				IPHONEOS_DEPLOYMENT_TARGET = 9.3;
				LD_RUNPATH_SEARCH_PATHS = "$(inherited) @executable_path/Frameworks";
				PRODUCT_BUNDLE_IDENTIFIER = adnanzahid.scenekit.Chessy;
				PRODUCT_NAME = "$(TARGET_NAME)";
				SDKROOT = iphoneos;
				TARGETED_DEVICE_FAMILY = "1,2";
			};
			name = Debug;
		};
		84351EF21D6CDFC900DADE74 /* Release */ = {
			isa = XCBuildConfiguration;
			buildSettings = {
				ASSETCATALOG_COMPILER_APPICON_NAME = AppIcon;
				"CODE_SIGN_IDENTITY[sdk=iphoneos*]" = "iPhone Developer";
				INFOPLIST_FILE = "$(SRCROOT)/Chessy/Others/Info.plist";
				IPHONEOS_DEPLOYMENT_TARGET = 9.3;
				LD_RUNPATH_SEARCH_PATHS = "$(inherited) @executable_path/Frameworks";
				PRODUCT_BUNDLE_IDENTIFIER = adnanzahid.scenekit.Chessy;
				PRODUCT_NAME = "$(TARGET_NAME)";
				SDKROOT = iphoneos;
				TARGETED_DEVICE_FAMILY = "1,2";
				VALIDATE_PRODUCT = YES;
			};
			name = Release;
		};
		84351EF31D6CDFC900DADE74 /* Debug */ = {
			isa = XCBuildConfiguration;
			buildSettings = {
				BUNDLE_LOADER = "$(TEST_HOST)";
				"CODE_SIGN_IDENTITY[sdk=iphoneos*]" = "iPhone Developer";
				INFOPLIST_FILE = ChessyTests/Info.plist;
				IPHONEOS_DEPLOYMENT_TARGET = 9.3;
				LD_RUNPATH_SEARCH_PATHS = "$(inherited) @executable_path/Frameworks @loader_path/Frameworks";
				PRODUCT_BUNDLE_IDENTIFIER = adnanzahid.scenekit.ChessyTests;
				PRODUCT_NAME = "$(TARGET_NAME)";
				SDKROOT = iphoneos;
				TEST_HOST = "$(BUILT_PRODUCTS_DIR)/Chessy.app/Chessy";
			};
			name = Debug;
		};
		84351EF41D6CDFC900DADE74 /* Release */ = {
			isa = XCBuildConfiguration;
			buildSettings = {
				BUNDLE_LOADER = "$(TEST_HOST)";
				"CODE_SIGN_IDENTITY[sdk=iphoneos*]" = "iPhone Developer";
				INFOPLIST_FILE = ChessyTests/Info.plist;
				IPHONEOS_DEPLOYMENT_TARGET = 9.3;
				LD_RUNPATH_SEARCH_PATHS = "$(inherited) @executable_path/Frameworks @loader_path/Frameworks";
				PRODUCT_BUNDLE_IDENTIFIER = adnanzahid.scenekit.ChessyTests;
				PRODUCT_NAME = "$(TARGET_NAME)";
				SDKROOT = iphoneos;
				TEST_HOST = "$(BUILT_PRODUCTS_DIR)/Chessy.app/Chessy";
				VALIDATE_PRODUCT = YES;
			};
			name = Release;
		};
		84351EF51D6CDFC900DADE74 /* Debug */ = {
			isa = XCBuildConfiguration;
			buildSettings = {
				"CODE_SIGN_IDENTITY[sdk=iphoneos*]" = "iPhone Developer";
				INFOPLIST_FILE = ChessyUITests/Info.plist;
				IPHONEOS_DEPLOYMENT_TARGET = 9.3;
				LD_RUNPATH_SEARCH_PATHS = "$(inherited) @executable_path/Frameworks @loader_path/Frameworks";
				PRODUCT_BUNDLE_IDENTIFIER = adnanzahid.scenekit.ChessyUITests;
				PRODUCT_NAME = "$(TARGET_NAME)";
				SDKROOT = iphoneos;
				TEST_TARGET_NAME = Chessy;
			};
			name = Debug;
		};
		84351EF61D6CDFC900DADE74 /* Release */ = {
			isa = XCBuildConfiguration;
			buildSettings = {
				"CODE_SIGN_IDENTITY[sdk=iphoneos*]" = "iPhone Developer";
				INFOPLIST_FILE = ChessyUITests/Info.plist;
				IPHONEOS_DEPLOYMENT_TARGET = 9.3;
				LD_RUNPATH_SEARCH_PATHS = "$(inherited) @executable_path/Frameworks @loader_path/Frameworks";
				PRODUCT_BUNDLE_IDENTIFIER = adnanzahid.scenekit.ChessyUITests;
				PRODUCT_NAME = "$(TARGET_NAME)";
				SDKROOT = iphoneos;
				TEST_TARGET_NAME = Chessy;
				VALIDATE_PRODUCT = YES;
			};
			name = Release;
		};
/* End XCBuildConfiguration section */

/* Begin XCConfigurationList section */
		2716D3F91D58E8ED0056C582 /* Build configuration list for PBXProject "Chess" */ = {
			isa = XCConfigurationList;
			buildConfigurations = (
				2716D4031D58E8ED0056C582 /* Debug */,
				2716D4041D58E8ED0056C582 /* Release */,
			);
			defaultConfigurationIsVisible = 0;
			defaultConfigurationName = Release;
		};
		2716D4051D58E8ED0056C582 /* Build configuration list for PBXNativeTarget "Chess" */ = {
			isa = XCConfigurationList;
			buildConfigurations = (
				2716D4061D58E8ED0056C582 /* Debug */,
				2716D4071D58E8ED0056C582 /* Release */,
			);
			defaultConfigurationIsVisible = 0;
			defaultConfigurationName = Release;
		};
		2716D4111D58E9140056C582 /* Build configuration list for PBXNativeTarget "ChessTests" */ = {
			isa = XCConfigurationList;
			buildConfigurations = (
				2716D4121D58E9140056C582 /* Debug */,
				2716D4131D58E9140056C582 /* Release */,
			);
			defaultConfigurationIsVisible = 0;
			defaultConfigurationName = Release;
		};
		84351EF71D6CDFC900DADE74 /* Build configuration list for PBXNativeTarget "Chessy" */ = {
			isa = XCConfigurationList;
			buildConfigurations = (
				84351EF11D6CDFC900DADE74 /* Debug */,
				84351EF21D6CDFC900DADE74 /* Release */,
			);
			defaultConfigurationIsVisible = 0;
			defaultConfigurationName = Release;
		};
		84351EF81D6CDFC900DADE74 /* Build configuration list for PBXNativeTarget "ChessyTests" */ = {
			isa = XCConfigurationList;
			buildConfigurations = (
				84351EF31D6CDFC900DADE74 /* Debug */,
				84351EF41D6CDFC900DADE74 /* Release */,
			);
			defaultConfigurationIsVisible = 0;
			defaultConfigurationName = Release;
		};
		84351EF91D6CDFC900DADE74 /* Build configuration list for PBXNativeTarget "ChessyUITests" */ = {
			isa = XCConfigurationList;
			buildConfigurations = (
				84351EF51D6CDFC900DADE74 /* Debug */,
				84351EF61D6CDFC900DADE74 /* Release */,
			);
			defaultConfigurationIsVisible = 0;
			defaultConfigurationName = Release;
		};
/* End XCConfigurationList section */
	};
	rootObject = 2716D3F61D58E8ED0056C582 /* Project object */;
}
